
Microsoft Visual Studio Solution File, Format Version 12.00
Project("{FAE04EC0-301F-11D3-BF4B-00C04F79EFBC}") = "EInfrastructure.Core", "src\EInfrastructure.Core\EInfrastructure.Core.csproj", "{96D7DEFA-74C9-443B-A1E5-70B7A30300B0}"
EndProject
Project("{FAE04EC0-301F-11D3-BF4B-00C04F79EFBC}") = "EInfrastructure.Core.Configuration", "src\EInfrastructure.Core.Configuration\EInfrastructure.Core.Configuration.csproj", "{5B4BDE47-9A49-4C3F-A2F4-8D9C10C217B3}"
EndProject
Project("{2150E333-8FDC-42A3-9474-1A3956D46DE8}") = "src", "src", "{72E84C54-FDFF-4353-8DAE-AD27F1145A55}"
EndProject
Project("{2150E333-8FDC-42A3-9474-1A3956D46DE8}") = "test", "test", "{F281AAE0-4114-42C6-A195-151278937246}"
EndProject
Project("{FAE04EC0-301F-11D3-BF4B-00C04F79EFBC}") = "EInfrastructure.Core.Test", "test\EInfrastructure.Core.Test\EInfrastructure.Core.Test.csproj", "{BBA3F7AB-D4A8-41A2-B7E5-EB7A182C7D8B}"
EndProject
Global
	GlobalSection(SolutionConfigurationPlatforms) = preSolution
		Debug|Any CPU = Debug|Any CPU
		Release|Any CPU = Release|Any CPU
	EndGlobalSection
	GlobalSection(ProjectConfigurationPlatforms) = postSolution
		{96D7DEFA-74C9-443B-A1E5-70B7A30300B0}.Debug|Any CPU.ActiveCfg = Debug|Any CPU
		{96D7DEFA-74C9-443B-A1E5-70B7A30300B0}.Debug|Any CPU.Build.0 = Debug|Any CPU
		{96D7DEFA-74C9-443B-A1E5-70B7A30300B0}.Release|Any CPU.ActiveCfg = Release|Any CPU
		{96D7DEFA-74C9-443B-A1E5-70B7A30300B0}.Release|Any CPU.Build.0 = Release|Any CPU
		{5B4BDE47-9A49-4C3F-A2F4-8D9C10C217B3}.Debug|Any CPU.ActiveCfg = Debug|Any CPU
		{5B4BDE47-9A49-4C3F-A2F4-8D9C10C217B3}.Debug|Any CPU.Build.0 = Debug|Any CPU
		{5B4BDE47-9A49-4C3F-A2F4-8D9C10C217B3}.Release|Any CPU.ActiveCfg = Release|Any CPU
		{5B4BDE47-9A49-4C3F-A2F4-8D9C10C217B3}.Release|Any CPU.Build.0 = Release|Any CPU
		{BBA3F7AB-D4A8-41A2-B7E5-EB7A182C7D8B}.Debug|Any CPU.ActiveCfg = Debug|Any CPU
		{BBA3F7AB-D4A8-41A2-B7E5-EB7A182C7D8B}.Debug|Any CPU.Build.0 = Debug|Any CPU
		{BBA3F7AB-D4A8-41A2-B7E5-EB7A182C7D8B}.Release|Any CPU.ActiveCfg = Release|Any CPU
		{BBA3F7AB-D4A8-41A2-B7E5-EB7A182C7D8B}.Release|Any CPU.Build.0 = Release|Any CPU
	EndGlobalSection
	GlobalSection(NestedProjects) = preSolution
		{96D7DEFA-74C9-443B-A1E5-70B7A30300B0} = {72E84C54-FDFF-4353-8DAE-AD27F1145A55}
		{5B4BDE47-9A49-4C3F-A2F4-8D9C10C217B3} = {72E84C54-FDFF-4353-8DAE-AD27F1145A55}
		{BBA3F7AB-D4A8-41A2-B7E5-EB7A182C7D8B} = {F281AAE0-4114-42C6-A195-151278937246}
	EndGlobalSection
EndGlobal
