
Microsoft Visual Studio Solution File, Format Version 12.00
# Visual Studio Version 16
VisualStudioVersion = 16.0.29503.13
MinimumVisualStudioVersion = 10.0.40219.1
Project("{2150E333-8FDC-42A3-9474-1A3956D46DE8}") = "Infrastructure", "Infrastructure", "{A4334682-4470-4071-B962-594D3CE7D28A}"
EndProject
Project("{9A19103F-16F7-4668-BE54-9A1E7A4F7556}") = "EInfrastructure.Core", "src\Infrastructure\src\EInfrastructure.Core\EInfrastructure.Core.csproj", "{CE0A6026-DF5B-4EC9-BCB2-046A48F3CCF9}"
EndProject
Project("{2150E333-8FDC-42A3-9474-1A3956D46DE8}") = "Compress", "Compress", "{CE4F75E0-D1F6-419A-83FC-55DBAA7C4232}"
EndProject
Project("{9A19103F-16F7-4668-BE54-9A1E7A4F7556}") = "EInfrastructure.Core.Compress.ICSharpCode", "src\Compress\ICSharpCode\src\EInfrastructure.Core.Compress.ICSharpCode\EInfrastructure.Core.Compress.ICSharpCode.csproj", "{936D8F98-421D-43F9-A83F-DA781826019E}"
EndProject
Project("{2150E333-8FDC-42A3-9474-1A3956D46DE8}") = "Marketing", "Marketing", "{A434B55D-6F96-4A85-A710-C483C4570A23}"
EndProject
Project("{2150E333-8FDC-42A3-9474-1A3956D46DE8}") = "Tools", "Tools", "{07477338-945D-4514-B844-C1C8245CEBB0}"
EndProject
Project("{2150E333-8FDC-42A3-9474-1A3956D46DE8}") = "Web", "Web", "{0A70569E-D6F2-49A4-90AA-4AEB4386B40C}"
EndProject
Project("{9A19103F-16F7-4668-BE54-9A1E7A4F7556}") = "EInfrastructure.Core.WeChat", "src\Web\WeChat\src\EInfrastructure.Core.WeChat\EInfrastructure.Core.WeChat.csproj", "{77C9B3AB-869F-49F0-868C-58B741C5EEE5}"
EndProject
Project("{9A19103F-16F7-4668-BE54-9A1E7A4F7556}") = "EInfrastructure.Core.Validation", "src\Tools\Validation\src\EInfrastructure.Core.Validation\EInfrastructure.Core.Validation.csproj", "{BA18A5EE-66FE-43E9-9234-673659714E42}"
EndProject
Project("{2150E333-8FDC-42A3-9474-1A3956D46DE8}") = "Validation", "Validation", "{611DEF96-11AC-4DF1-B8C4-7B07599C069A}"
EndProject
Project("{2150E333-8FDC-42A3-9474-1A3956D46DE8}") = "AliMaMa", "AliMaMa", "{BE0A7BEA-EDD7-4568-81BD-B863FF7F44D2}"
EndProject
Project("{9A19103F-16F7-4668-BE54-9A1E7A4F7556}") = "EInfrastructure.Core.AliYun.Tbk", "src\Marketing\AliMaMa\src\EInfrastructure.Core.AliYun.Tbk\EInfrastructure.Core.AliYun.Tbk.csproj", "{A899C7D2-A798-4B3F-A416-ACA36F366CE2}"
EndProject
Project("{9A19103F-16F7-4668-BE54-9A1E7A4F7556}") = "EInfrastructure.Core.Test", "src\Infrastructure\test\EInfrastructure.Core.Test\EInfrastructure.Core.Test.csproj", "{E987F188-7D71-4E9C-82A5-FE2AD0556F64}"
EndProject
Project("{2150E333-8FDC-42A3-9474-1A3956D46DE8}") = "Configuration", "Configuration", "{42EEC740-C17B-4407-9E7C-92EB37E6A166}"
EndProject
Project("{9A19103F-16F7-4668-BE54-9A1E7A4F7556}") = "EInfrastructure.Core.Serialize.NewtonsoftJson", "src\Serialize\src\EInfrastructure.Core.Serialize.NewtonsoftJson\EInfrastructure.Core.Serialize.NewtonsoftJson.csproj", "{D534502F-043D-4E27-B1E9-3389D1521194}"
EndProject
Project("{2150E333-8FDC-42A3-9474-1A3956D46DE8}") = "Serialize", "Serialize", "{B6DF1AE9-D5EA-4921-8284-F4C252AF0E56}"
EndProject
Project("{9A19103F-16F7-4668-BE54-9A1E7A4F7556}") = "EInfrastructure.Core.Tools", "src\Infrastructure\src\EInfrastructure.Core.Tools\EInfrastructure.Core.Tools.csproj", "{8BECD28C-9D36-40E2-9E48-5E75EBBB73B0}"
EndProject
Project("{2150E333-8FDC-42A3-9474-1A3956D46DE8}") = "Basic", "Basic", "{24632C62-A403-4004-A8D2-DEE348E2917B}"
EndProject
Project("{9A19103F-16F7-4668-BE54-9A1E7A4F7556}") = "EInfrastructure.Core.Http", "src\Infrastructure\src\EInfrastructure.Core.Http\EInfrastructure.Core.Http.csproj", "{153E7CE5-1E55-4CD6-B19F-9CB846A2FE1A}"
EndProject
Project("{9A19103F-16F7-4668-BE54-9A1E7A4F7556}") = "EInfrastructure.Core.Serialize.Xml", "src\Serialize\src\EInfrastructure.Core.Serialize.Xml\EInfrastructure.Core.Serialize.Xml.csproj", "{DAF3910F-0F65-4C25-AF86-9360570E9B2A}"
EndProject
Project("{9A19103F-16F7-4668-BE54-9A1E7A4F7556}") = "EInfrastructure.Core.Config.SerializeExtensions", "src\Serialize\src\EInfrastructure.Core.Config.SerializeExtensions\EInfrastructure.Core.Config.SerializeExtensions.csproj", "{671680E3-3A9A-4765-9E7B-A38A10111B5C}"
EndProject
Project("{9A19103F-16F7-4668-BE54-9A1E7A4F7556}") = "EInfrastructure.Core.Config.SerializeExtensions.Test", "src\Serialize\src\EInfrastructure.Core.Config.SerializeExtensions.Test\EInfrastructure.Core.Config.SerializeExtensions.Test.csproj", "{B38A1390-DEF5-47D4-A522-C086E384D1B7}"
EndProject
Project("{9A19103F-16F7-4668-BE54-9A1E7A4F7556}") = "EInfrastructure.Core.Configuration", "src\Configuration\src\EInfrastructure.Core.Configuration\EInfrastructure.Core.Configuration.csproj", "{40B8382D-68CA-4CC3-BC01-B8F40882877E}"
EndProject
Project("{9A19103F-16F7-4668-BE54-9A1E7A4F7556}") = "EInfrastructure.Core.Config.Entities", "src\Configuration\src\EInfrastructure.Core.Config.Entities\EInfrastructure.Core.Config.Entities.csproj", "{577525F6-DBE8-4DF8-9B00-74677F94249B}"
EndProject
Project("{FAE04EC0-301F-11D3-BF4B-00C04F79EFBC}") = "EInfrastructure.Core.Win32", "src\Infrastructure\src\EInfrastructure.Core.Win32\EInfrastructure.Core.Win32.csproj", "{C545AD47-331F-4C72-B994-11154262ECF0}"
EndProject
Project("{FAE04EC0-301F-11D3-BF4B-00C04F79EFBC}") = "EInfrastructure.Core.UserAgentParse", "src\Infrastructure\src\EInfrastructure.Core.UserAgentParse\EInfrastructure.Core.UserAgentParse.csproj", "{C228E792-9638-4E41-8FA2-6F67BC404934}"
EndProject
Global
	GlobalSection(SolutionConfigurationPlatforms) = preSolution
		Debug|Any CPU = Debug|Any CPU
		Release|Any CPU = Release|Any CPU
	EndGlobalSection
	GlobalSection(ProjectConfigurationPlatforms) = postSolution
		{CE0A6026-DF5B-4EC9-BCB2-046A48F3CCF9}.Debug|Any CPU.ActiveCfg = Debug|Any CPU
		{CE0A6026-DF5B-4EC9-BCB2-046A48F3CCF9}.Debug|Any CPU.Build.0 = Debug|Any CPU
		{CE0A6026-DF5B-4EC9-BCB2-046A48F3CCF9}.Release|Any CPU.ActiveCfg = Release|Any CPU
		{CE0A6026-DF5B-4EC9-BCB2-046A48F3CCF9}.Release|Any CPU.Build.0 = Release|Any CPU
		{936D8F98-421D-43F9-A83F-DA781826019E}.Debug|Any CPU.ActiveCfg = Debug|Any CPU
		{936D8F98-421D-43F9-A83F-DA781826019E}.Debug|Any CPU.Build.0 = Debug|Any CPU
		{936D8F98-421D-43F9-A83F-DA781826019E}.Release|Any CPU.ActiveCfg = Release|Any CPU
		{936D8F98-421D-43F9-A83F-DA781826019E}.Release|Any CPU.Build.0 = Release|Any CPU
		{77C9B3AB-869F-49F0-868C-58B741C5EEE5}.Debug|Any CPU.ActiveCfg = Debug|Any CPU
		{77C9B3AB-869F-49F0-868C-58B741C5EEE5}.Debug|Any CPU.Build.0 = Debug|Any CPU
		{77C9B3AB-869F-49F0-868C-58B741C5EEE5}.Release|Any CPU.ActiveCfg = Release|Any CPU
		{77C9B3AB-869F-49F0-868C-58B741C5EEE5}.Release|Any CPU.Build.0 = Release|Any CPU
		{BA18A5EE-66FE-43E9-9234-673659714E42}.Debug|Any CPU.ActiveCfg = Debug|Any CPU
		{BA18A5EE-66FE-43E9-9234-673659714E42}.Debug|Any CPU.Build.0 = Debug|Any CPU
		{BA18A5EE-66FE-43E9-9234-673659714E42}.Release|Any CPU.ActiveCfg = Release|Any CPU
		{BA18A5EE-66FE-43E9-9234-673659714E42}.Release|Any CPU.Build.0 = Release|Any CPU
		{A899C7D2-A798-4B3F-A416-ACA36F366CE2}.Debug|Any CPU.ActiveCfg = Debug|Any CPU
		{A899C7D2-A798-4B3F-A416-ACA36F366CE2}.Debug|Any CPU.Build.0 = Debug|Any CPU
		{A899C7D2-A798-4B3F-A416-ACA36F366CE2}.Release|Any CPU.ActiveCfg = Release|Any CPU
		{A899C7D2-A798-4B3F-A416-ACA36F366CE2}.Release|Any CPU.Build.0 = Release|Any CPU
		{E987F188-7D71-4E9C-82A5-FE2AD0556F64}.Debug|Any CPU.ActiveCfg = Debug|Any CPU
		{E987F188-7D71-4E9C-82A5-FE2AD0556F64}.Debug|Any CPU.Build.0 = Debug|Any CPU
		{E987F188-7D71-4E9C-82A5-FE2AD0556F64}.Release|Any CPU.ActiveCfg = Release|Any CPU
		{E987F188-7D71-4E9C-82A5-FE2AD0556F64}.Release|Any CPU.Build.0 = Release|Any CPU
		{D534502F-043D-4E27-B1E9-3389D1521194}.Debug|Any CPU.ActiveCfg = Debug|Any CPU
		{D534502F-043D-4E27-B1E9-3389D1521194}.Debug|Any CPU.Build.0 = Debug|Any CPU
		{D534502F-043D-4E27-B1E9-3389D1521194}.Release|Any CPU.ActiveCfg = Release|Any CPU
		{D534502F-043D-4E27-B1E9-3389D1521194}.Release|Any CPU.Build.0 = Release|Any CPU
		{8BECD28C-9D36-40E2-9E48-5E75EBBB73B0}.Debug|Any CPU.ActiveCfg = Debug|Any CPU
		{8BECD28C-9D36-40E2-9E48-5E75EBBB73B0}.Debug|Any CPU.Build.0 = Debug|Any CPU
		{8BECD28C-9D36-40E2-9E48-5E75EBBB73B0}.Release|Any CPU.ActiveCfg = Release|Any CPU
		{8BECD28C-9D36-40E2-9E48-5E75EBBB73B0}.Release|Any CPU.Build.0 = Release|Any CPU
		{153E7CE5-1E55-4CD6-B19F-9CB846A2FE1A}.Debug|Any CPU.ActiveCfg = Debug|Any CPU
		{153E7CE5-1E55-4CD6-B19F-9CB846A2FE1A}.Debug|Any CPU.Build.0 = Debug|Any CPU
		{153E7CE5-1E55-4CD6-B19F-9CB846A2FE1A}.Release|Any CPU.ActiveCfg = Release|Any CPU
		{153E7CE5-1E55-4CD6-B19F-9CB846A2FE1A}.Release|Any CPU.Build.0 = Release|Any CPU
		{DAF3910F-0F65-4C25-AF86-9360570E9B2A}.Debug|Any CPU.ActiveCfg = Debug|Any CPU
		{DAF3910F-0F65-4C25-AF86-9360570E9B2A}.Debug|Any CPU.Build.0 = Debug|Any CPU
		{DAF3910F-0F65-4C25-AF86-9360570E9B2A}.Release|Any CPU.ActiveCfg = Release|Any CPU
		{DAF3910F-0F65-4C25-AF86-9360570E9B2A}.Release|Any CPU.Build.0 = Release|Any CPU
		{671680E3-3A9A-4765-9E7B-A38A10111B5C}.Debug|Any CPU.ActiveCfg = Debug|Any CPU
		{671680E3-3A9A-4765-9E7B-A38A10111B5C}.Debug|Any CPU.Build.0 = Debug|Any CPU
		{671680E3-3A9A-4765-9E7B-A38A10111B5C}.Release|Any CPU.ActiveCfg = Release|Any CPU
		{671680E3-3A9A-4765-9E7B-A38A10111B5C}.Release|Any CPU.Build.0 = Release|Any CPU
		{B38A1390-DEF5-47D4-A522-C086E384D1B7}.Debug|Any CPU.ActiveCfg = Debug|Any CPU
		{B38A1390-DEF5-47D4-A522-C086E384D1B7}.Debug|Any CPU.Build.0 = Debug|Any CPU
		{B38A1390-DEF5-47D4-A522-C086E384D1B7}.Release|Any CPU.ActiveCfg = Release|Any CPU
		{B38A1390-DEF5-47D4-A522-C086E384D1B7}.Release|Any CPU.Build.0 = Release|Any CPU
		{40B8382D-68CA-4CC3-BC01-B8F40882877E}.Debug|Any CPU.ActiveCfg = Debug|Any CPU
		{40B8382D-68CA-4CC3-BC01-B8F40882877E}.Debug|Any CPU.Build.0 = Debug|Any CPU
		{40B8382D-68CA-4CC3-BC01-B8F40882877E}.Release|Any CPU.ActiveCfg = Release|Any CPU
		{40B8382D-68CA-4CC3-BC01-B8F40882877E}.Release|Any CPU.Build.0 = Release|Any CPU
		{577525F6-DBE8-4DF8-9B00-74677F94249B}.Debug|Any CPU.ActiveCfg = Debug|Any CPU
		{577525F6-DBE8-4DF8-9B00-74677F94249B}.Debug|Any CPU.Build.0 = Debug|Any CPU
		{577525F6-DBE8-4DF8-9B00-74677F94249B}.Release|Any CPU.ActiveCfg = Release|Any CPU
		{577525F6-DBE8-4DF8-9B00-74677F94249B}.Release|Any CPU.Build.0 = Release|Any CPU
		{C545AD47-331F-4C72-B994-11154262ECF0}.Debug|Any CPU.ActiveCfg = Debug|Any CPU
		{C545AD47-331F-4C72-B994-11154262ECF0}.Debug|Any CPU.Build.0 = Debug|Any CPU
		{C545AD47-331F-4C72-B994-11154262ECF0}.Release|Any CPU.ActiveCfg = Release|Any CPU
		{C545AD47-331F-4C72-B994-11154262ECF0}.Release|Any CPU.Build.0 = Release|Any CPU
		{C228E792-9638-4E41-8FA2-6F67BC404934}.Debug|Any CPU.ActiveCfg = Debug|Any CPU
		{C228E792-9638-4E41-8FA2-6F67BC404934}.Debug|Any CPU.Build.0 = Debug|Any CPU
		{C228E792-9638-4E41-8FA2-6F67BC404934}.Release|Any CPU.ActiveCfg = Release|Any CPU
		{C228E792-9638-4E41-8FA2-6F67BC404934}.Release|Any CPU.Build.0 = Release|Any CPU
	EndGlobalSection
	GlobalSection(SolutionProperties) = preSolution
		HideSolutionNode = FALSE
	EndGlobalSection
	GlobalSection(NestedProjects) = preSolution
		{CE0A6026-DF5B-4EC9-BCB2-046A48F3CCF9} = {A4334682-4470-4071-B962-594D3CE7D28A}
		{936D8F98-421D-43F9-A83F-DA781826019E} = {CE4F75E0-D1F6-419A-83FC-55DBAA7C4232}
		{77C9B3AB-869F-49F0-868C-58B741C5EEE5} = {0A70569E-D6F2-49A4-90AA-4AEB4386B40C}
		{BA18A5EE-66FE-43E9-9234-673659714E42} = {611DEF96-11AC-4DF1-B8C4-7B07599C069A}
		{611DEF96-11AC-4DF1-B8C4-7B07599C069A} = {07477338-945D-4514-B844-C1C8245CEBB0}
		{BE0A7BEA-EDD7-4568-81BD-B863FF7F44D2} = {A434B55D-6F96-4A85-A710-C483C4570A23}
		{A899C7D2-A798-4B3F-A416-ACA36F366CE2} = {BE0A7BEA-EDD7-4568-81BD-B863FF7F44D2}
		{E987F188-7D71-4E9C-82A5-FE2AD0556F64} = {A4334682-4470-4071-B962-594D3CE7D28A}
		{D534502F-043D-4E27-B1E9-3389D1521194} = {B6DF1AE9-D5EA-4921-8284-F4C252AF0E56}
		{8BECD28C-9D36-40E2-9E48-5E75EBBB73B0} = {A4334682-4470-4071-B962-594D3CE7D28A}
		{24632C62-A403-4004-A8D2-DEE348E2917B} = {42EEC740-C17B-4407-9E7C-92EB37E6A166}
		{153E7CE5-1E55-4CD6-B19F-9CB846A2FE1A} = {A4334682-4470-4071-B962-594D3CE7D28A}
		{DAF3910F-0F65-4C25-AF86-9360570E9B2A} = {B6DF1AE9-D5EA-4921-8284-F4C252AF0E56}
		{671680E3-3A9A-4765-9E7B-A38A10111B5C} = {B6DF1AE9-D5EA-4921-8284-F4C252AF0E56}
		{B38A1390-DEF5-47D4-A522-C086E384D1B7} = {B6DF1AE9-D5EA-4921-8284-F4C252AF0E56}
		{40B8382D-68CA-4CC3-BC01-B8F40882877E} = {24632C62-A403-4004-A8D2-DEE348E2917B}
		{577525F6-DBE8-4DF8-9B00-74677F94249B} = {24632C62-A403-4004-A8D2-DEE348E2917B}
		{C545AD47-331F-4C72-B994-11154262ECF0} = {A4334682-4470-4071-B962-594D3CE7D28A}
		{C228E792-9638-4E41-8FA2-6F67BC404934} = {A4334682-4470-4071-B962-594D3CE7D28A}
	EndGlobalSection
	GlobalSection(ExtensibilityGlobals) = postSolution
		SolutionGuid = {474DA97F-4548-4B18-8AB9-44B6CCC66B6D}
	EndGlobalSection
EndGlobal
