
Microsoft Visual Studio Solution File, Format Version 12.00
# Visual Studio 15
VisualStudioVersion = 15.0.27004.2009
MinimumVisualStudioVersion = 10.0.40219.1
Project("{9A19103F-16F7-4668-BE54-9A1E7A4F7556}") = "EInfrastructure.Core", "Infrastructure\EInfrastructure.Core\EInfrastructure.Core.csproj", "{9ADD21CF-0B8B-4B3D-86D1-DF8427DDC867}"
EndProject
Project("{9A19103F-16F7-4668-BE54-9A1E7A4F7556}") = "EInfrastructure.Core.Redis", "Infrastructure\EInfrastructure.Core.Redis\EInfrastructure.Core.Redis.csproj", "{B4FFD171-73D5-449A-842B-F7CEF1E478ED}"
EndProject
Project("{9A19103F-16F7-4668-BE54-9A1E7A4F7556}") = "EInfrastructure.Core.MemoryCache", "Infrastructure\EInfrastructure.Core.MemoryCache\EInfrastructure.Core.MemoryCache.csproj", "{39ABE7C0-F06C-422F-96E6-977A3E42C965}"
EndProject
Project("{2150E333-8FDC-42A3-9474-1A3956D46DE8}") = "Cache", "Cache", "{42612780-DF2B-4B27-A1A3-6FB90BBF3C43}"
EndProject
Project("{2150E333-8FDC-42A3-9474-1A3956D46DE8}") = "Sms", "Sms", "{6121A2AA-B395-4695-B209-8B1E8EAC2F83}"
EndProject
Project("{9A19103F-16F7-4668-BE54-9A1E7A4F7556}") = "EInfrastructure.Core.AliYun.DaYu", "Infrastructure\EInfrastructure.Core.AliYun.DaYu\EInfrastructure.Core.AliYun.DaYu.csproj", "{EB989E23-4B7B-4D1D-BB81-DEAF94D74448}"
EndProject
Project("{2150E333-8FDC-42A3-9474-1A3956D46DE8}") = "Storage", "Storage", "{9A0D3363-93C8-4B93-806D-45180B3EDF3A}"
EndProject
Project("{9A19103F-16F7-4668-BE54-9A1E7A4F7556}") = "EInfrastructure.Core.QiNiu.Storage", "Infrastructure\EInfrastructure.Core.QiNiu.Storage\EInfrastructure.Core.QiNiu.Storage.csproj", "{7A407D74-6943-4DDE-B321-310A65700C04}"
EndProject
Project("{2150E333-8FDC-42A3-9474-1A3956D46DE8}") = "Web", "Web", "{1A482526-7E29-4D16-9E1A-743770227F00}"
EndProject
Project("{2150E333-8FDC-42A3-9474-1A3956D46DE8}") = "Marketing", "Marketing", "{D3E020E3-533B-4E69-BC1C-290FE14E7AA1}"
EndProject
Project("{9A19103F-16F7-4668-BE54-9A1E7A4F7556}") = "EInfrastructure.Core.AliYun.Tbk", "Infrastructure\EInfrastructure.Core.AliYun.Tbk\EInfrastructure.Core.AliYun.Tbk.csproj", "{58D07A15-8436-47E0-BA42-45D72607649B}"
EndProject
Project("{2150E333-8FDC-42A3-9474-1A3956D46DE8}") = "Ioc", "Ioc", "{DE824100-DC36-4F2B-8092-317C669C260C}"
EndProject
Project("{9A19103F-16F7-4668-BE54-9A1E7A4F7556}") = "EInfrastructure.Core.AutoFac", "Infrastructure\EInfrastructure.Core.AutoFac\EInfrastructure.Core.AutoFac.csproj", "{59E72F74-2D06-4E52-ADB5-C0184F1C747C}"
EndProject
Project("{2150E333-8FDC-42A3-9474-1A3956D46DE8}") = "Database", "Database", "{A0DA4A28-DE2A-4F1C-9F8F-C0336E2EE70D}"
EndProject
Project("{9A19103F-16F7-4668-BE54-9A1E7A4F7556}") = "EInfrastructure.Core.MySql", "Infrastructure\EInfrastructure.Core.MySql\EInfrastructure.Core.MySql.csproj", "{A3B800E3-B300-46DB-B334-F23561500122}"
EndProject
Project("{9A19103F-16F7-4668-BE54-9A1E7A4F7556}") = "EInfrastructure.Core.WebChat", "Infrastructure\EInfrastructure.Core.WebChat\EInfrastructure.Core.WebChat.csproj", "{BC77E7FF-09A7-4786-A313-09A114F1CCCC}"
EndProject
Project("{9A19103F-16F7-4668-BE54-9A1E7A4F7556}") = "EInfrastructure.Core.SqlServer", "Infrastructure\EInfrastructure.Core.SqlServer\EInfrastructure.Core.SqlServer.csproj", "{B2DEF448-095E-4A60-89A3-667E5FD2EBA0}"
EndProject
Project("{FAE04EC0-301F-11D3-BF4B-00C04F79EFBC}") = "EInfrastructure.Core.AutoFac.MySql", "Infrastructure\EInfrastructure.Core.AutoFac.MySql\EInfrastructure.Core.AutoFac.MySql.csproj", "{3F0348A6-1F0D-4C37-9DCA-1ADFEE00D7F9}"
EndProject
Project("{FAE04EC0-301F-11D3-BF4B-00C04F79EFBC}") = "EInfrastructure.Core.AutoFac.SqlServer", "Infrastructure\EInfrastructure.Core.AutoFac.SqlServer\EInfrastructure.Core.AutoFac.SqlServer.csproj", "{00BB73B8-755E-4CF2-97E1-5336B501693A}"
EndProject
Project("{FAE04EC0-301F-11D3-BF4B-00C04F79EFBC}") = "EInfrastructure.Core.AutoConfig", "Infrastructure\EInfrastructure.Core.AutoConfig\EInfrastructure.Core.AutoConfig.csproj", "{00D60196-2D7D-439A-BE6A-D99FE893526F}"
EndProject
Project("{2150E333-8FDC-42A3-9474-1A3956D46DE8}") = "Automation", "Automation", "{98E16CCC-77CD-4705-8FC1-0F182515EEB0}"
EndProject
Project("{FAE04EC0-301F-11D3-BF4B-00C04F79EFBC}") = "EInfrastructure.Core.AspNetCore.AutoConfig", "Infrastructure\EInfrastructure.Core.AspNetCore.AutoConfig\EInfrastructure.Core.AspNetCore.AutoConfig.csproj", "{DC149452-34F1-410E-AEDA-C57810B43C82}"
EndProject
Project("{FAE04EC0-301F-11D3-BF4B-00C04F79EFBC}") = "EInfrastructure.Core.AspNetCore", "Infrastructure\EInfrastructure.Core.AspNetCore\EInfrastructure.Core.AspNetCore.csproj", "{5923F71E-C311-4FC4-A7C5-A8ADC2E6623A}"
EndProject
Project("{FAE04EC0-301F-11D3-BF4B-00C04F79EFBC}") = "EInfrastructure.Core.Words", "Infrastructure\EInfrastructure.Core.Words\EInfrastructure.Core.Words.csproj", "{425F7F0A-B359-44C1-ABF2-7F60091E2E30}"
EndProject
Project("{FAE04EC0-301F-11D3-BF4B-00C04F79EFBC}") = "EInfrastructure.Core.Configuration", "Infrastructure\EInfrastructure.Core.Configuration\EInfrastructure.Core.Configuration.csproj", "{20E00246-AEC9-4DC4-9241-44F554799CE4}"
EndProject
Project("{2150E333-8FDC-42A3-9474-1A3956D46DE8}") = "Compress", "Compress", "{7424A0CF-38AE-4295-AE4D-A5A9B1044A37}"
EndProject
Project("{FAE04EC0-301F-11D3-BF4B-00C04F79EFBC}") = "EInfrastructure.Core.Compress.ICSharpCode", "Infrastructure\EInfrastructure.Core.Compress.ICSharpCode\EInfrastructure.Core.Compress.ICSharpCode.csproj", "{4A2F4A6C-9411-4912-9A2D-76B0B13385AC}"
EndProject
Project("{FAE04EC0-301F-11D3-BF4B-00C04F79EFBC}") = "EInfrastructure.Core.AutoFac.AspNetCore", "Infrastructure\EInfrastructure.Core.AutoFac.AspNetCore\EInfrastructure.Core.AutoFac.AspNetCore.csproj", "{82E35BC7-3AAE-4AE9-A03E-C3A883B7C424}"
EndProject
Project("{FAE04EC0-301F-11D3-BF4B-00C04F79EFBC}") = "EInfrastructure.Core.AutoFac.SqlServer.AspNetCore", "Infrastructure\EInfrastructure.Core.AutoFac.SqlServer.AspNetCore\EInfrastructure.Core.AutoFac.SqlServer.AspNetCore.csproj", "{A7C26912-71CD-4567-B684-C184BC1411FD}"
EndProject
Project("{FAE04EC0-301F-11D3-BF4B-00C04F79EFBC}") = "EInfrastructure.Core.AutoFac.MySql.AspNetCore", "Infrastructure\EInfrastructure.Core.AutoFac.MySql.AspNetCore\EInfrastructure.Core.AutoFac.MySql.AspNetCore.csproj", "{AB2D3F0F-3B1D-4D20-AF6E-58697061720B}"
EndProject
Project("{FAE04EC0-301F-11D3-BF4B-00C04F79EFBC}") = "EInfrastructure.Core.UCloud.Storage", "Infrastructure\EInfrastructure.Core.UCloud.Storage\EInfrastructure.Core.UCloud.Storage.csproj", "{469F3858-B900-4F28-A29C-A6149CB213BE}"
EndProject
Global
	GlobalSection(SolutionConfigurationPlatforms) = preSolution
		Debug|Any CPU = Debug|Any CPU
		Release|Any CPU = Release|Any CPU
	EndGlobalSection
	GlobalSection(ProjectConfigurationPlatforms) = postSolution
		{9ADD21CF-0B8B-4B3D-86D1-DF8427DDC867}.Debug|Any CPU.ActiveCfg = Debug|Any CPU
		{9ADD21CF-0B8B-4B3D-86D1-DF8427DDC867}.Debug|Any CPU.Build.0 = Debug|Any CPU
		{9ADD21CF-0B8B-4B3D-86D1-DF8427DDC867}.Release|Any CPU.ActiveCfg = Release|Any CPU
		{9ADD21CF-0B8B-4B3D-86D1-DF8427DDC867}.Release|Any CPU.Build.0 = Release|Any CPU
		{B4FFD171-73D5-449A-842B-F7CEF1E478ED}.Debug|Any CPU.ActiveCfg = Debug|Any CPU
		{B4FFD171-73D5-449A-842B-F7CEF1E478ED}.Debug|Any CPU.Build.0 = Debug|Any CPU
		{B4FFD171-73D5-449A-842B-F7CEF1E478ED}.Release|Any CPU.ActiveCfg = Release|Any CPU
		{B4FFD171-73D5-449A-842B-F7CEF1E478ED}.Release|Any CPU.Build.0 = Release|Any CPU
		{39ABE7C0-F06C-422F-96E6-977A3E42C965}.Debug|Any CPU.ActiveCfg = Debug|Any CPU
		{39ABE7C0-F06C-422F-96E6-977A3E42C965}.Debug|Any CPU.Build.0 = Debug|Any CPU
		{39ABE7C0-F06C-422F-96E6-977A3E42C965}.Release|Any CPU.ActiveCfg = Release|Any CPU
		{39ABE7C0-F06C-422F-96E6-977A3E42C965}.Release|Any CPU.Build.0 = Release|Any CPU
		{EB989E23-4B7B-4D1D-BB81-DEAF94D74448}.Debug|Any CPU.ActiveCfg = Debug|Any CPU
		{EB989E23-4B7B-4D1D-BB81-DEAF94D74448}.Debug|Any CPU.Build.0 = Debug|Any CPU
		{EB989E23-4B7B-4D1D-BB81-DEAF94D74448}.Release|Any CPU.ActiveCfg = Release|Any CPU
		{EB989E23-4B7B-4D1D-BB81-DEAF94D74448}.Release|Any CPU.Build.0 = Release|Any CPU
		{7A407D74-6943-4DDE-B321-310A65700C04}.Debug|Any CPU.ActiveCfg = Debug|Any CPU
		{7A407D74-6943-4DDE-B321-310A65700C04}.Debug|Any CPU.Build.0 = Debug|Any CPU
		{7A407D74-6943-4DDE-B321-310A65700C04}.Release|Any CPU.ActiveCfg = Release|Any CPU
		{7A407D74-6943-4DDE-B321-310A65700C04}.Release|Any CPU.Build.0 = Release|Any CPU
		{58D07A15-8436-47E0-BA42-45D72607649B}.Debug|Any CPU.ActiveCfg = Debug|Any CPU
		{58D07A15-8436-47E0-BA42-45D72607649B}.Debug|Any CPU.Build.0 = Debug|Any CPU
		{58D07A15-8436-47E0-BA42-45D72607649B}.Release|Any CPU.ActiveCfg = Release|Any CPU
		{58D07A15-8436-47E0-BA42-45D72607649B}.Release|Any CPU.Build.0 = Release|Any CPU
		{59E72F74-2D06-4E52-ADB5-C0184F1C747C}.Debug|Any CPU.ActiveCfg = Debug|Any CPU
		{59E72F74-2D06-4E52-ADB5-C0184F1C747C}.Debug|Any CPU.Build.0 = Debug|Any CPU
		{59E72F74-2D06-4E52-ADB5-C0184F1C747C}.Release|Any CPU.ActiveCfg = Release|Any CPU
		{59E72F74-2D06-4E52-ADB5-C0184F1C747C}.Release|Any CPU.Build.0 = Release|Any CPU
		{A3B800E3-B300-46DB-B334-F23561500122}.Debug|Any CPU.ActiveCfg = Debug|Any CPU
		{A3B800E3-B300-46DB-B334-F23561500122}.Debug|Any CPU.Build.0 = Debug|Any CPU
		{A3B800E3-B300-46DB-B334-F23561500122}.Release|Any CPU.ActiveCfg = Release|Any CPU
		{A3B800E3-B300-46DB-B334-F23561500122}.Release|Any CPU.Build.0 = Release|Any CPU
		{BC77E7FF-09A7-4786-A313-09A114F1CCCC}.Debug|Any CPU.ActiveCfg = Debug|Any CPU
		{BC77E7FF-09A7-4786-A313-09A114F1CCCC}.Debug|Any CPU.Build.0 = Debug|Any CPU
		{BC77E7FF-09A7-4786-A313-09A114F1CCCC}.Release|Any CPU.ActiveCfg = Release|Any CPU
		{BC77E7FF-09A7-4786-A313-09A114F1CCCC}.Release|Any CPU.Build.0 = Release|Any CPU
		{B2DEF448-095E-4A60-89A3-667E5FD2EBA0}.Debug|Any CPU.ActiveCfg = Debug|Any CPU
		{B2DEF448-095E-4A60-89A3-667E5FD2EBA0}.Debug|Any CPU.Build.0 = Debug|Any CPU
		{B2DEF448-095E-4A60-89A3-667E5FD2EBA0}.Release|Any CPU.ActiveCfg = Release|Any CPU
		{B2DEF448-095E-4A60-89A3-667E5FD2EBA0}.Release|Any CPU.Build.0 = Release|Any CPU
		{3F0348A6-1F0D-4C37-9DCA-1ADFEE00D7F9}.Debug|Any CPU.ActiveCfg = Debug|Any CPU
		{3F0348A6-1F0D-4C37-9DCA-1ADFEE00D7F9}.Debug|Any CPU.Build.0 = Debug|Any CPU
		{3F0348A6-1F0D-4C37-9DCA-1ADFEE00D7F9}.Release|Any CPU.ActiveCfg = Release|Any CPU
		{3F0348A6-1F0D-4C37-9DCA-1ADFEE00D7F9}.Release|Any CPU.Build.0 = Release|Any CPU
		{00BB73B8-755E-4CF2-97E1-5336B501693A}.Debug|Any CPU.ActiveCfg = Debug|Any CPU
		{00BB73B8-755E-4CF2-97E1-5336B501693A}.Debug|Any CPU.Build.0 = Debug|Any CPU
		{00BB73B8-755E-4CF2-97E1-5336B501693A}.Release|Any CPU.ActiveCfg = Release|Any CPU
		{00BB73B8-755E-4CF2-97E1-5336B501693A}.Release|Any CPU.Build.0 = Release|Any CPU
		{00D60196-2D7D-439A-BE6A-D99FE893526F}.Debug|Any CPU.ActiveCfg = Debug|Any CPU
		{00D60196-2D7D-439A-BE6A-D99FE893526F}.Debug|Any CPU.Build.0 = Debug|Any CPU
		{00D60196-2D7D-439A-BE6A-D99FE893526F}.Release|Any CPU.ActiveCfg = Release|Any CPU
		{00D60196-2D7D-439A-BE6A-D99FE893526F}.Release|Any CPU.Build.0 = Release|Any CPU
		{DC149452-34F1-410E-AEDA-C57810B43C82}.Debug|Any CPU.ActiveCfg = Debug|Any CPU
		{DC149452-34F1-410E-AEDA-C57810B43C82}.Debug|Any CPU.Build.0 = Debug|Any CPU
		{DC149452-34F1-410E-AEDA-C57810B43C82}.Release|Any CPU.ActiveCfg = Release|Any CPU
		{DC149452-34F1-410E-AEDA-C57810B43C82}.Release|Any CPU.Build.0 = Release|Any CPU
		{5923F71E-C311-4FC4-A7C5-A8ADC2E6623A}.Debug|Any CPU.ActiveCfg = Debug|Any CPU
		{5923F71E-C311-4FC4-A7C5-A8ADC2E6623A}.Debug|Any CPU.Build.0 = Debug|Any CPU
		{5923F71E-C311-4FC4-A7C5-A8ADC2E6623A}.Release|Any CPU.ActiveCfg = Release|Any CPU
		{5923F71E-C311-4FC4-A7C5-A8ADC2E6623A}.Release|Any CPU.Build.0 = Release|Any CPU
		{425F7F0A-B359-44C1-ABF2-7F60091E2E30}.Debug|Any CPU.ActiveCfg = Debug|Any CPU
		{425F7F0A-B359-44C1-ABF2-7F60091E2E30}.Debug|Any CPU.Build.0 = Debug|Any CPU
		{425F7F0A-B359-44C1-ABF2-7F60091E2E30}.Release|Any CPU.ActiveCfg = Release|Any CPU
		{425F7F0A-B359-44C1-ABF2-7F60091E2E30}.Release|Any CPU.Build.0 = Release|Any CPU
		{20E00246-AEC9-4DC4-9241-44F554799CE4}.Debug|Any CPU.ActiveCfg = Debug|Any CPU
		{20E00246-AEC9-4DC4-9241-44F554799CE4}.Debug|Any CPU.Build.0 = Debug|Any CPU
		{20E00246-AEC9-4DC4-9241-44F554799CE4}.Release|Any CPU.ActiveCfg = Release|Any CPU
		{20E00246-AEC9-4DC4-9241-44F554799CE4}.Release|Any CPU.Build.0 = Release|Any CPU
		{4A2F4A6C-9411-4912-9A2D-76B0B13385AC}.Debug|Any CPU.ActiveCfg = Debug|Any CPU
		{4A2F4A6C-9411-4912-9A2D-76B0B13385AC}.Debug|Any CPU.Build.0 = Debug|Any CPU
		{4A2F4A6C-9411-4912-9A2D-76B0B13385AC}.Release|Any CPU.ActiveCfg = Release|Any CPU
		{4A2F4A6C-9411-4912-9A2D-76B0B13385AC}.Release|Any CPU.Build.0 = Release|Any CPU
		{82E35BC7-3AAE-4AE9-A03E-C3A883B7C424}.Debug|Any CPU.ActiveCfg = Debug|Any CPU
		{82E35BC7-3AAE-4AE9-A03E-C3A883B7C424}.Debug|Any CPU.Build.0 = Debug|Any CPU
		{82E35BC7-3AAE-4AE9-A03E-C3A883B7C424}.Release|Any CPU.ActiveCfg = Release|Any CPU
		{82E35BC7-3AAE-4AE9-A03E-C3A883B7C424}.Release|Any CPU.Build.0 = Release|Any CPU
		{A7C26912-71CD-4567-B684-C184BC1411FD}.Debug|Any CPU.ActiveCfg = Debug|Any CPU
		{A7C26912-71CD-4567-B684-C184BC1411FD}.Debug|Any CPU.Build.0 = Debug|Any CPU
		{A7C26912-71CD-4567-B684-C184BC1411FD}.Release|Any CPU.ActiveCfg = Release|Any CPU
		{A7C26912-71CD-4567-B684-C184BC1411FD}.Release|Any CPU.Build.0 = Release|Any CPU
		{AB2D3F0F-3B1D-4D20-AF6E-58697061720B}.Debug|Any CPU.ActiveCfg = Debug|Any CPU
		{AB2D3F0F-3B1D-4D20-AF6E-58697061720B}.Debug|Any CPU.Build.0 = Debug|Any CPU
		{AB2D3F0F-3B1D-4D20-AF6E-58697061720B}.Release|Any CPU.ActiveCfg = Release|Any CPU
		{AB2D3F0F-3B1D-4D20-AF6E-58697061720B}.Release|Any CPU.Build.0 = Release|Any CPU
		{469F3858-B900-4F28-A29C-A6149CB213BE}.Debug|Any CPU.ActiveCfg = Debug|Any CPU
		{469F3858-B900-4F28-A29C-A6149CB213BE}.Debug|Any CPU.Build.0 = Debug|Any CPU
		{469F3858-B900-4F28-A29C-A6149CB213BE}.Release|Any CPU.ActiveCfg = Release|Any CPU
		{469F3858-B900-4F28-A29C-A6149CB213BE}.Release|Any CPU.Build.0 = Release|Any CPU
	EndGlobalSection
	GlobalSection(SolutionProperties) = preSolution
		HideSolutionNode = FALSE
	EndGlobalSection
	GlobalSection(NestedProjects) = preSolution
		{B4FFD171-73D5-449A-842B-F7CEF1E478ED} = {42612780-DF2B-4B27-A1A3-6FB90BBF3C43}
		{39ABE7C0-F06C-422F-96E6-977A3E42C965} = {42612780-DF2B-4B27-A1A3-6FB90BBF3C43}
		{EB989E23-4B7B-4D1D-BB81-DEAF94D74448} = {6121A2AA-B395-4695-B209-8B1E8EAC2F83}
		{7A407D74-6943-4DDE-B321-310A65700C04} = {9A0D3363-93C8-4B93-806D-45180B3EDF3A}
		{58D07A15-8436-47E0-BA42-45D72607649B} = {D3E020E3-533B-4E69-BC1C-290FE14E7AA1}
		{59E72F74-2D06-4E52-ADB5-C0184F1C747C} = {DE824100-DC36-4F2B-8092-317C669C260C}
		{A3B800E3-B300-46DB-B334-F23561500122} = {A0DA4A28-DE2A-4F1C-9F8F-C0336E2EE70D}
		{BC77E7FF-09A7-4786-A313-09A114F1CCCC} = {1A482526-7E29-4D16-9E1A-743770227F00}
		{B2DEF448-095E-4A60-89A3-667E5FD2EBA0} = {A0DA4A28-DE2A-4F1C-9F8F-C0336E2EE70D}
		{3F0348A6-1F0D-4C37-9DCA-1ADFEE00D7F9} = {DE824100-DC36-4F2B-8092-317C669C260C}
		{00BB73B8-755E-4CF2-97E1-5336B501693A} = {DE824100-DC36-4F2B-8092-317C669C260C}
		{00D60196-2D7D-439A-BE6A-D99FE893526F} = {98E16CCC-77CD-4705-8FC1-0F182515EEB0}
		{DC149452-34F1-410E-AEDA-C57810B43C82} = {98E16CCC-77CD-4705-8FC1-0F182515EEB0}
		{5923F71E-C311-4FC4-A7C5-A8ADC2E6623A} = {1A482526-7E29-4D16-9E1A-743770227F00}
		{4A2F4A6C-9411-4912-9A2D-76B0B13385AC} = {7424A0CF-38AE-4295-AE4D-A5A9B1044A37}
		{82E35BC7-3AAE-4AE9-A03E-C3A883B7C424} = {DE824100-DC36-4F2B-8092-317C669C260C}
		{A7C26912-71CD-4567-B684-C184BC1411FD} = {DE824100-DC36-4F2B-8092-317C669C260C}
		{AB2D3F0F-3B1D-4D20-AF6E-58697061720B} = {DE824100-DC36-4F2B-8092-317C669C260C}
		{469F3858-B900-4F28-A29C-A6149CB213BE} = {9A0D3363-93C8-4B93-806D-45180B3EDF3A}
	EndGlobalSection
	GlobalSection(ExtensibilityGlobals) = postSolution
		SolutionGuid = {41FDCFC5-66DA-415D-AA6C-38806CB952CD}
	EndGlobalSection
EndGlobal
