
Microsoft Visual Studio Solution File, Format Version 12.00
# Visual Studio 15
VisualStudioVersion = 15.0.27004.2009
MinimumVisualStudioVersion = 10.0.40219.1
Project("{9A19103F-16F7-4668-BE54-9A1E7A4F7556}") = "EInfrastructure.Core", "Infrastructure\EInfrastructure.Core\EInfrastructure.Core.csproj", "{9ADD21CF-0B8B-4B3D-86D1-DF8427DDC867}"
EndProject
Project("{2150E333-8FDC-42A3-9474-1A3956D46DE8}") = "Cache", "Cache", "{42612780-DF2B-4B27-A1A3-6FB90BBF3C43}"
EndProject
Project("{2150E333-8FDC-42A3-9474-1A3956D46DE8}") = "Sms", "Sms", "{6121A2AA-B395-4695-B209-8B1E8EAC2F83}"
EndProject
Project("{2150E333-8FDC-42A3-9474-1A3956D46DE8}") = "Storage", "Storage", "{9A0D3363-93C8-4B93-806D-45180B3EDF3A}"
EndProject
Project("{2150E333-8FDC-42A3-9474-1A3956D46DE8}") = "Web", "Web", "{1A482526-7E29-4D16-9E1A-743770227F00}"
EndProject
Project("{2150E333-8FDC-42A3-9474-1A3956D46DE8}") = "Marketing", "Marketing", "{D3E020E3-533B-4E69-BC1C-290FE14E7AA1}"
EndProject
Project("{2150E333-8FDC-42A3-9474-1A3956D46DE8}") = "Ioc", "Ioc", "{DE824100-DC36-4F2B-8092-317C669C260C}"
EndProject
Project("{2150E333-8FDC-42A3-9474-1A3956D46DE8}") = "Database", "Database", "{A0DA4A28-DE2A-4F1C-9F8F-C0336E2EE70D}"
EndProject
Project("{2150E333-8FDC-42A3-9474-1A3956D46DE8}") = "Automation", "Automation", "{98E16CCC-77CD-4705-8FC1-0F182515EEB0}"
EndProject
Project("{FAE04EC0-301F-11D3-BF4B-00C04F79EFBC}") = "EInfrastructure.Core.Words", "Infrastructure\EInfrastructure.Core.Words\EInfrastructure.Core.Words.csproj", "{425F7F0A-B359-44C1-ABF2-7F60091E2E30}"
EndProject
Project("{FAE04EC0-301F-11D3-BF4B-00C04F79EFBC}") = "EInfrastructure.Core.Configuration", "Infrastructure\EInfrastructure.Core.Configuration\EInfrastructure.Core.Configuration.csproj", "{20E00246-AEC9-4DC4-9241-44F554799CE4}"
EndProject
Project("{2150E333-8FDC-42A3-9474-1A3956D46DE8}") = "Compress", "Compress", "{7424A0CF-38AE-4295-AE4D-A5A9B1044A37}"
EndProject
Project("{2150E333-8FDC-42A3-9474-1A3956D46DE8}") = "ContentIdentification", "ContentIdentification", "{32DE210B-D9AA-4790-B454-DE993C61CE53}"
EndProject
Project("{2150E333-8FDC-42A3-9474-1A3956D46DE8}") = "ServiceDiscovery", "ServiceDiscovery", "{380127A6-E045-4C36-B5DC-C0DDD6E4AB44}"
EndProject
Project("{2150E333-8FDC-42A3-9474-1A3956D46DE8}") = "Validation", "Validation", "{BC275105-AB19-4A2A-996F-87D2995566D0}"
EndProject
Project("{2150E333-8FDC-42A3-9474-1A3956D46DE8}") = "Test", "Test", "{B2EFA1B5-91A6-41CC-8C83-75BAE5ED2108}"
EndProject
Project("{FAE04EC0-301F-11D3-BF4B-00C04F79EFBC}") = "EInfrastructure.Core.UnitTest", "UnitTest\EInfrastructure.Core.UnitTest\EInfrastructure.Core.UnitTest.csproj", "{A78CB7CC-BC89-4C3C-A121-638342681A23}"
EndProject
Project("{2150E333-8FDC-42A3-9474-1A3956D46DE8}") = "Infrastructure", "Infrastructure", "{9F0B8BEC-CDE6-4A30-8D85-79D1EDC9B2A4}"
EndProject
Project("{2150E333-8FDC-42A3-9474-1A3956D46DE8}") = "AutoFac", "AutoFac", "{133AD36C-7D62-4FC6-A671-F8101DFD1B5A}"
EndProject
Project("{2150E333-8FDC-42A3-9474-1A3956D46DE8}") = "Systems", "Systems", "{17000132-094F-4611-864D-39006D8CDB92}"
EndProject
Project("{FAE04EC0-301F-11D3-BF4B-00C04F79EFBC}") = "EInfrastructure.Core.Extension.Ioc", "Infrastructure\Ioc\Systems\EInfrastructure.Core.Extension.Ioc\EInfrastructure.Core.Extension.Ioc.csproj", "{0610CD8B-6DD3-40E2-BE28-79CFED0B36B8}"
EndProject
Project("{FAE04EC0-301F-11D3-BF4B-00C04F79EFBC}") = "EInfrastructure.Core.AutoFac", "Infrastructure\Ioc\AutoFac\EInfrastructure.Core.AutoFac\EInfrastructure.Core.AutoFac.csproj", "{F14B695C-2F77-43D1-A229-38157D9F938B}"
EndProject
Project("{FAE04EC0-301F-11D3-BF4B-00C04F79EFBC}") = "EInfrastructure.Core.AutoFac.AspNetCore", "Infrastructure\Ioc\AutoFac\EInfrastructure.Core.AutoFac.AspNetCore\EInfrastructure.Core.AutoFac.AspNetCore.csproj", "{AF9C5622-5127-4DAD-AB1B-8030428FC47A}"
EndProject
Project("{FAE04EC0-301F-11D3-BF4B-00C04F79EFBC}") = "EInfrastructure.Core.AutoFac.MySql", "Infrastructure\Ioc\AutoFac\EInfrastructure.Core.AutoFac.MySql\EInfrastructure.Core.AutoFac.MySql.csproj", "{3E9CF724-C54A-4EBC-BFBC-48D10EEAC576}"
EndProject
Project("{FAE04EC0-301F-11D3-BF4B-00C04F79EFBC}") = "EInfrastructure.Core.AutoFac.MySql.AspNetCore", "Infrastructure\Ioc\AutoFac\EInfrastructure.Core.AutoFac.MySql.AspNetCore\EInfrastructure.Core.AutoFac.MySql.AspNetCore.csproj", "{EA10333B-5D07-4E66-8971-B8E2ABDB9D10}"
EndProject
Project("{FAE04EC0-301F-11D3-BF4B-00C04F79EFBC}") = "EInfrastructure.Core.AutoFac.SqlServer", "Infrastructure\Ioc\AutoFac\EInfrastructure.Core.AutoFac.SqlServer\EInfrastructure.Core.AutoFac.SqlServer.csproj", "{30E7B89F-5B5B-4C27-841D-30A894B83D10}"
EndProject
Project("{FAE04EC0-301F-11D3-BF4B-00C04F79EFBC}") = "EInfrastructure.Core.AutoFac.SqlServer.AspNetCore", "Infrastructure\Ioc\AutoFac\EInfrastructure.Core.AutoFac.SqlServer.AspNetCore\EInfrastructure.Core.AutoFac.SqlServer.AspNetCore.csproj", "{80A069C0-AA86-4A4A-97E1-FC8EB314C742}"
EndProject
Project("{FAE04EC0-301F-11D3-BF4B-00C04F79EFBC}") = "EInfrastructure.Core.MySql", "Infrastructure\Database\EInfrastructure.Core.MySql\EInfrastructure.Core.MySql.csproj", "{8D51C3B9-AE6C-438E-872C-5F1A4DDF7194}"
EndProject
Project("{FAE04EC0-301F-11D3-BF4B-00C04F79EFBC}") = "EInfrastructure.Core.SqlServer", "Infrastructure\Database\EInfrastructure.Core.SqlServer\EInfrastructure.Core.SqlServer.csproj", "{27B05926-6955-41E3-A6E7-E1B977F22F42}"
EndProject
Project("{FAE04EC0-301F-11D3-BF4B-00C04F79EFBC}") = "EInfrastructure.Core.AutoConfig", "Infrastructure\Automation\EInfrastructure.Core.AutoConfig\EInfrastructure.Core.AutoConfig.csproj", "{B890EA13-8E75-4F0B-AB9B-0EECEA3F8DB8}"
EndProject
Project("{FAE04EC0-301F-11D3-BF4B-00C04F79EFBC}") = "EInfrastructure.Core.MemoryCache", "Infrastructure\Cache\EInfrastructure.Core.MemoryCache\EInfrastructure.Core.MemoryCache.csproj", "{F513FBFC-431A-4196-B724-7AE0BC63F9E7}"
EndProject
Project("{FAE04EC0-301F-11D3-BF4B-00C04F79EFBC}") = "EInfrastructure.Core.Redis", "Infrastructure\Cache\EInfrastructure.Core.Redis\EInfrastructure.Core.Redis.csproj", "{20F66BAD-35E5-40CE-B9C7-5E3C97FF4ED6}"
EndProject
Project("{FAE04EC0-301F-11D3-BF4B-00C04F79EFBC}") = "EInfrastructure.Core.Compress.ICSharpCode", "Infrastructure\Compress\EInfrastructure.Core.Compress.ICSharpCode\EInfrastructure.Core.Compress.ICSharpCode.csproj", "{DF2F5140-B972-47C3-986C-AC62AA661457}"
EndProject
Project("{FAE04EC0-301F-11D3-BF4B-00C04F79EFBC}") = "EInfrastructure.Core.BaiDu.ContentIdentification", "Infrastructure\ContentIdentification\EInfrastructure.Core.BaiDu.ContentIdentification\EInfrastructure.Core.BaiDu.ContentIdentification.csproj", "{C6A30441-E724-4E70-BD94-6F9FC104E5FA}"
EndProject
Project("{FAE04EC0-301F-11D3-BF4B-00C04F79EFBC}") = "EInfrastructure.Core.AliYun.Tbk", "Infrastructure\Marketing\EInfrastructure.Core.AliYun.Tbk\EInfrastructure.Core.AliYun.Tbk.csproj", "{B66EF79D-D785-4D3B-B1D4-54250B79D31E}"
EndProject
Project("{FAE04EC0-301F-11D3-BF4B-00C04F79EFBC}") = "EInfrastructure.Core.ServiceDiscovery.Consul.AspNetCore", "Infrastructure\ServiceDiscovery\EInfrastructure.Core.ServiceDiscovery.Consul.AspNetCore\EInfrastructure.Core.ServiceDiscovery.Consul.AspNetCore.csproj", "{DD2584BB-E450-4F1E-910F-A835354CA21D}"
EndProject
Project("{FAE04EC0-301F-11D3-BF4B-00C04F79EFBC}") = "EInfrastructure.Core.AliYun.DaYu", "Infrastructure\Sms\EInfrastructure.Core.AliYun.DaYu\EInfrastructure.Core.AliYun.DaYu.csproj", "{7910026F-C7B1-40B9-8FBC-02B91F73F554}"
EndProject
Project("{FAE04EC0-301F-11D3-BF4B-00C04F79EFBC}") = "EInfrastructure.Core.QiNiu.Storage", "Infrastructure\Storage\EInfrastructure.Core.QiNiu.Storage\EInfrastructure.Core.QiNiu.Storage.csproj", "{368B81D2-EBF7-4CB5-9A4B-EB93EFA3ECD2}"
EndProject
Project("{FAE04EC0-301F-11D3-BF4B-00C04F79EFBC}") = "EInfrastructure.Core.UCloud.Storage", "Infrastructure\Storage\EInfrastructure.Core.UCloud.Storage\EInfrastructure.Core.UCloud.Storage.csproj", "{3EC96A44-B01C-4800-A806-99808274C0B6}"
EndProject
Project("{FAE04EC0-301F-11D3-BF4B-00C04F79EFBC}") = "EInfrastructure.Core.Validation", "Infrastructure\Validation\EInfrastructure.Core.Validation\EInfrastructure.Core.Validation.csproj", "{6831224A-D59F-4435-9AD9-FD7B34198C04}"
EndProject
Project("{FAE04EC0-301F-11D3-BF4B-00C04F79EFBC}") = "EInfrastructure.Core.AspNetCore", "Infrastructure\Web\EInfrastructure.Core.AspNetCore\EInfrastructure.Core.AspNetCore.csproj", "{7ADC6E02-FB3F-4D8B-99D8-2992B4ABBBAA}"
EndProject
Project("{FAE04EC0-301F-11D3-BF4B-00C04F79EFBC}") = "EInfrastructure.Core.WebChat", "Infrastructure\Web\EInfrastructure.Core.WebChat\EInfrastructure.Core.WebChat.csproj", "{9C052CE2-DA71-4073-BC37-7322EA3D046D}"
EndProject
Global
	GlobalSection(SolutionConfigurationPlatforms) = preSolution
		Debug|Any CPU = Debug|Any CPU
		Release|Any CPU = Release|Any CPU
	EndGlobalSection
	GlobalSection(ProjectConfigurationPlatforms) = postSolution
		{9ADD21CF-0B8B-4B3D-86D1-DF8427DDC867}.Debug|Any CPU.ActiveCfg = Debug|Any CPU
		{9ADD21CF-0B8B-4B3D-86D1-DF8427DDC867}.Debug|Any CPU.Build.0 = Debug|Any CPU
		{9ADD21CF-0B8B-4B3D-86D1-DF8427DDC867}.Release|Any CPU.ActiveCfg = Release|Any CPU
		{9ADD21CF-0B8B-4B3D-86D1-DF8427DDC867}.Release|Any CPU.Build.0 = Release|Any CPU
		{425F7F0A-B359-44C1-ABF2-7F60091E2E30}.Debug|Any CPU.ActiveCfg = Debug|Any CPU
		{425F7F0A-B359-44C1-ABF2-7F60091E2E30}.Debug|Any CPU.Build.0 = Debug|Any CPU
		{425F7F0A-B359-44C1-ABF2-7F60091E2E30}.Release|Any CPU.ActiveCfg = Release|Any CPU
		{425F7F0A-B359-44C1-ABF2-7F60091E2E30}.Release|Any CPU.Build.0 = Release|Any CPU
		{20E00246-AEC9-4DC4-9241-44F554799CE4}.Debug|Any CPU.ActiveCfg = Debug|Any CPU
		{20E00246-AEC9-4DC4-9241-44F554799CE4}.Debug|Any CPU.Build.0 = Debug|Any CPU
		{20E00246-AEC9-4DC4-9241-44F554799CE4}.Release|Any CPU.ActiveCfg = Release|Any CPU
		{20E00246-AEC9-4DC4-9241-44F554799CE4}.Release|Any CPU.Build.0 = Release|Any CPU
		{A78CB7CC-BC89-4C3C-A121-638342681A23}.Debug|Any CPU.ActiveCfg = Debug|Any CPU
		{A78CB7CC-BC89-4C3C-A121-638342681A23}.Debug|Any CPU.Build.0 = Debug|Any CPU
		{A78CB7CC-BC89-4C3C-A121-638342681A23}.Release|Any CPU.ActiveCfg = Release|Any CPU
		{A78CB7CC-BC89-4C3C-A121-638342681A23}.Release|Any CPU.Build.0 = Release|Any CPU
		{0610CD8B-6DD3-40E2-BE28-79CFED0B36B8}.Debug|Any CPU.ActiveCfg = Debug|Any CPU
		{0610CD8B-6DD3-40E2-BE28-79CFED0B36B8}.Debug|Any CPU.Build.0 = Debug|Any CPU
		{0610CD8B-6DD3-40E2-BE28-79CFED0B36B8}.Release|Any CPU.ActiveCfg = Release|Any CPU
		{0610CD8B-6DD3-40E2-BE28-79CFED0B36B8}.Release|Any CPU.Build.0 = Release|Any CPU
		{F14B695C-2F77-43D1-A229-38157D9F938B}.Debug|Any CPU.ActiveCfg = Debug|Any CPU
		{F14B695C-2F77-43D1-A229-38157D9F938B}.Debug|Any CPU.Build.0 = Debug|Any CPU
		{F14B695C-2F77-43D1-A229-38157D9F938B}.Release|Any CPU.ActiveCfg = Release|Any CPU
		{F14B695C-2F77-43D1-A229-38157D9F938B}.Release|Any CPU.Build.0 = Release|Any CPU
		{AF9C5622-5127-4DAD-AB1B-8030428FC47A}.Debug|Any CPU.ActiveCfg = Debug|Any CPU
		{AF9C5622-5127-4DAD-AB1B-8030428FC47A}.Debug|Any CPU.Build.0 = Debug|Any CPU
		{AF9C5622-5127-4DAD-AB1B-8030428FC47A}.Release|Any CPU.ActiveCfg = Release|Any CPU
		{AF9C5622-5127-4DAD-AB1B-8030428FC47A}.Release|Any CPU.Build.0 = Release|Any CPU
		{3E9CF724-C54A-4EBC-BFBC-48D10EEAC576}.Debug|Any CPU.ActiveCfg = Debug|Any CPU
		{3E9CF724-C54A-4EBC-BFBC-48D10EEAC576}.Debug|Any CPU.Build.0 = Debug|Any CPU
		{3E9CF724-C54A-4EBC-BFBC-48D10EEAC576}.Release|Any CPU.ActiveCfg = Release|Any CPU
		{3E9CF724-C54A-4EBC-BFBC-48D10EEAC576}.Release|Any CPU.Build.0 = Release|Any CPU
		{EA10333B-5D07-4E66-8971-B8E2ABDB9D10}.Debug|Any CPU.ActiveCfg = Debug|Any CPU
		{EA10333B-5D07-4E66-8971-B8E2ABDB9D10}.Debug|Any CPU.Build.0 = Debug|Any CPU
		{EA10333B-5D07-4E66-8971-B8E2ABDB9D10}.Release|Any CPU.ActiveCfg = Release|Any CPU
		{EA10333B-5D07-4E66-8971-B8E2ABDB9D10}.Release|Any CPU.Build.0 = Release|Any CPU
		{30E7B89F-5B5B-4C27-841D-30A894B83D10}.Debug|Any CPU.ActiveCfg = Debug|Any CPU
		{30E7B89F-5B5B-4C27-841D-30A894B83D10}.Debug|Any CPU.Build.0 = Debug|Any CPU
		{30E7B89F-5B5B-4C27-841D-30A894B83D10}.Release|Any CPU.ActiveCfg = Release|Any CPU
		{30E7B89F-5B5B-4C27-841D-30A894B83D10}.Release|Any CPU.Build.0 = Release|Any CPU
		{80A069C0-AA86-4A4A-97E1-FC8EB314C742}.Debug|Any CPU.ActiveCfg = Debug|Any CPU
		{80A069C0-AA86-4A4A-97E1-FC8EB314C742}.Debug|Any CPU.Build.0 = Debug|Any CPU
		{80A069C0-AA86-4A4A-97E1-FC8EB314C742}.Release|Any CPU.ActiveCfg = Release|Any CPU
		{80A069C0-AA86-4A4A-97E1-FC8EB314C742}.Release|Any CPU.Build.0 = Release|Any CPU
		{8D51C3B9-AE6C-438E-872C-5F1A4DDF7194}.Debug|Any CPU.ActiveCfg = Debug|Any CPU
		{8D51C3B9-AE6C-438E-872C-5F1A4DDF7194}.Debug|Any CPU.Build.0 = Debug|Any CPU
		{8D51C3B9-AE6C-438E-872C-5F1A4DDF7194}.Release|Any CPU.ActiveCfg = Release|Any CPU
		{8D51C3B9-AE6C-438E-872C-5F1A4DDF7194}.Release|Any CPU.Build.0 = Release|Any CPU
		{27B05926-6955-41E3-A6E7-E1B977F22F42}.Debug|Any CPU.ActiveCfg = Debug|Any CPU
		{27B05926-6955-41E3-A6E7-E1B977F22F42}.Debug|Any CPU.Build.0 = Debug|Any CPU
		{27B05926-6955-41E3-A6E7-E1B977F22F42}.Release|Any CPU.ActiveCfg = Release|Any CPU
		{27B05926-6955-41E3-A6E7-E1B977F22F42}.Release|Any CPU.Build.0 = Release|Any CPU
		{B890EA13-8E75-4F0B-AB9B-0EECEA3F8DB8}.Debug|Any CPU.ActiveCfg = Debug|Any CPU
		{B890EA13-8E75-4F0B-AB9B-0EECEA3F8DB8}.Debug|Any CPU.Build.0 = Debug|Any CPU
		{B890EA13-8E75-4F0B-AB9B-0EECEA3F8DB8}.Release|Any CPU.ActiveCfg = Release|Any CPU
		{B890EA13-8E75-4F0B-AB9B-0EECEA3F8DB8}.Release|Any CPU.Build.0 = Release|Any CPU
		{F513FBFC-431A-4196-B724-7AE0BC63F9E7}.Debug|Any CPU.ActiveCfg = Debug|Any CPU
		{F513FBFC-431A-4196-B724-7AE0BC63F9E7}.Debug|Any CPU.Build.0 = Debug|Any CPU
		{F513FBFC-431A-4196-B724-7AE0BC63F9E7}.Release|Any CPU.ActiveCfg = Release|Any CPU
		{F513FBFC-431A-4196-B724-7AE0BC63F9E7}.Release|Any CPU.Build.0 = Release|Any CPU
		{20F66BAD-35E5-40CE-B9C7-5E3C97FF4ED6}.Debug|Any CPU.ActiveCfg = Debug|Any CPU
		{20F66BAD-35E5-40CE-B9C7-5E3C97FF4ED6}.Debug|Any CPU.Build.0 = Debug|Any CPU
		{20F66BAD-35E5-40CE-B9C7-5E3C97FF4ED6}.Release|Any CPU.ActiveCfg = Release|Any CPU
		{20F66BAD-35E5-40CE-B9C7-5E3C97FF4ED6}.Release|Any CPU.Build.0 = Release|Any CPU
		{DF2F5140-B972-47C3-986C-AC62AA661457}.Debug|Any CPU.ActiveCfg = Debug|Any CPU
		{DF2F5140-B972-47C3-986C-AC62AA661457}.Debug|Any CPU.Build.0 = Debug|Any CPU
		{DF2F5140-B972-47C3-986C-AC62AA661457}.Release|Any CPU.ActiveCfg = Release|Any CPU
		{DF2F5140-B972-47C3-986C-AC62AA661457}.Release|Any CPU.Build.0 = Release|Any CPU
		{C6A30441-E724-4E70-BD94-6F9FC104E5FA}.Debug|Any CPU.ActiveCfg = Debug|Any CPU
		{C6A30441-E724-4E70-BD94-6F9FC104E5FA}.Debug|Any CPU.Build.0 = Debug|Any CPU
		{C6A30441-E724-4E70-BD94-6F9FC104E5FA}.Release|Any CPU.ActiveCfg = Release|Any CPU
		{C6A30441-E724-4E70-BD94-6F9FC104E5FA}.Release|Any CPU.Build.0 = Release|Any CPU
		{B66EF79D-D785-4D3B-B1D4-54250B79D31E}.Debug|Any CPU.ActiveCfg = Debug|Any CPU
		{B66EF79D-D785-4D3B-B1D4-54250B79D31E}.Debug|Any CPU.Build.0 = Debug|Any CPU
		{B66EF79D-D785-4D3B-B1D4-54250B79D31E}.Release|Any CPU.ActiveCfg = Release|Any CPU
		{B66EF79D-D785-4D3B-B1D4-54250B79D31E}.Release|Any CPU.Build.0 = Release|Any CPU
		{DD2584BB-E450-4F1E-910F-A835354CA21D}.Debug|Any CPU.ActiveCfg = Debug|Any CPU
		{DD2584BB-E450-4F1E-910F-A835354CA21D}.Debug|Any CPU.Build.0 = Debug|Any CPU
		{DD2584BB-E450-4F1E-910F-A835354CA21D}.Release|Any CPU.ActiveCfg = Release|Any CPU
		{DD2584BB-E450-4F1E-910F-A835354CA21D}.Release|Any CPU.Build.0 = Release|Any CPU
		{7910026F-C7B1-40B9-8FBC-02B91F73F554}.Debug|Any CPU.ActiveCfg = Debug|Any CPU
		{7910026F-C7B1-40B9-8FBC-02B91F73F554}.Debug|Any CPU.Build.0 = Debug|Any CPU
		{7910026F-C7B1-40B9-8FBC-02B91F73F554}.Release|Any CPU.ActiveCfg = Release|Any CPU
		{7910026F-C7B1-40B9-8FBC-02B91F73F554}.Release|Any CPU.Build.0 = Release|Any CPU
		{368B81D2-EBF7-4CB5-9A4B-EB93EFA3ECD2}.Debug|Any CPU.ActiveCfg = Debug|Any CPU
		{368B81D2-EBF7-4CB5-9A4B-EB93EFA3ECD2}.Debug|Any CPU.Build.0 = Debug|Any CPU
		{368B81D2-EBF7-4CB5-9A4B-EB93EFA3ECD2}.Release|Any CPU.ActiveCfg = Release|Any CPU
		{368B81D2-EBF7-4CB5-9A4B-EB93EFA3ECD2}.Release|Any CPU.Build.0 = Release|Any CPU
		{3EC96A44-B01C-4800-A806-99808274C0B6}.Debug|Any CPU.ActiveCfg = Debug|Any CPU
		{3EC96A44-B01C-4800-A806-99808274C0B6}.Debug|Any CPU.Build.0 = Debug|Any CPU
		{3EC96A44-B01C-4800-A806-99808274C0B6}.Release|Any CPU.ActiveCfg = Release|Any CPU
		{3EC96A44-B01C-4800-A806-99808274C0B6}.Release|Any CPU.Build.0 = Release|Any CPU
		{6831224A-D59F-4435-9AD9-FD7B34198C04}.Debug|Any CPU.ActiveCfg = Debug|Any CPU
		{6831224A-D59F-4435-9AD9-FD7B34198C04}.Debug|Any CPU.Build.0 = Debug|Any CPU
		{6831224A-D59F-4435-9AD9-FD7B34198C04}.Release|Any CPU.ActiveCfg = Release|Any CPU
		{6831224A-D59F-4435-9AD9-FD7B34198C04}.Release|Any CPU.Build.0 = Release|Any CPU
		{7ADC6E02-FB3F-4D8B-99D8-2992B4ABBBAA}.Debug|Any CPU.ActiveCfg = Debug|Any CPU
		{7ADC6E02-FB3F-4D8B-99D8-2992B4ABBBAA}.Debug|Any CPU.Build.0 = Debug|Any CPU
		{7ADC6E02-FB3F-4D8B-99D8-2992B4ABBBAA}.Release|Any CPU.ActiveCfg = Release|Any CPU
		{7ADC6E02-FB3F-4D8B-99D8-2992B4ABBBAA}.Release|Any CPU.Build.0 = Release|Any CPU
		{9C052CE2-DA71-4073-BC37-7322EA3D046D}.Debug|Any CPU.ActiveCfg = Debug|Any CPU
		{9C052CE2-DA71-4073-BC37-7322EA3D046D}.Debug|Any CPU.Build.0 = Debug|Any CPU
		{9C052CE2-DA71-4073-BC37-7322EA3D046D}.Release|Any CPU.ActiveCfg = Release|Any CPU
		{9C052CE2-DA71-4073-BC37-7322EA3D046D}.Release|Any CPU.Build.0 = Release|Any CPU
	EndGlobalSection
	GlobalSection(SolutionProperties) = preSolution
		HideSolutionNode = FALSE
	EndGlobalSection
	GlobalSection(NestedProjects) = preSolution
		{A78CB7CC-BC89-4C3C-A121-638342681A23} = {B2EFA1B5-91A6-41CC-8C83-75BAE5ED2108}
		{98E16CCC-77CD-4705-8FC1-0F182515EEB0} = {9F0B8BEC-CDE6-4A30-8D85-79D1EDC9B2A4}
		{42612780-DF2B-4B27-A1A3-6FB90BBF3C43} = {9F0B8BEC-CDE6-4A30-8D85-79D1EDC9B2A4}
		{7424A0CF-38AE-4295-AE4D-A5A9B1044A37} = {9F0B8BEC-CDE6-4A30-8D85-79D1EDC9B2A4}
		{32DE210B-D9AA-4790-B454-DE993C61CE53} = {9F0B8BEC-CDE6-4A30-8D85-79D1EDC9B2A4}
		{A0DA4A28-DE2A-4F1C-9F8F-C0336E2EE70D} = {9F0B8BEC-CDE6-4A30-8D85-79D1EDC9B2A4}
		{DE824100-DC36-4F2B-8092-317C669C260C} = {9F0B8BEC-CDE6-4A30-8D85-79D1EDC9B2A4}
		{D3E020E3-533B-4E69-BC1C-290FE14E7AA1} = {9F0B8BEC-CDE6-4A30-8D85-79D1EDC9B2A4}
		{380127A6-E045-4C36-B5DC-C0DDD6E4AB44} = {9F0B8BEC-CDE6-4A30-8D85-79D1EDC9B2A4}
		{6121A2AA-B395-4695-B209-8B1E8EAC2F83} = {9F0B8BEC-CDE6-4A30-8D85-79D1EDC9B2A4}
		{9A0D3363-93C8-4B93-806D-45180B3EDF3A} = {9F0B8BEC-CDE6-4A30-8D85-79D1EDC9B2A4}
		{BC275105-AB19-4A2A-996F-87D2995566D0} = {9F0B8BEC-CDE6-4A30-8D85-79D1EDC9B2A4}
		{1A482526-7E29-4D16-9E1A-743770227F00} = {9F0B8BEC-CDE6-4A30-8D85-79D1EDC9B2A4}
		{9ADD21CF-0B8B-4B3D-86D1-DF8427DDC867} = {9F0B8BEC-CDE6-4A30-8D85-79D1EDC9B2A4}
		{20E00246-AEC9-4DC4-9241-44F554799CE4} = {9F0B8BEC-CDE6-4A30-8D85-79D1EDC9B2A4}
		{425F7F0A-B359-44C1-ABF2-7F60091E2E30} = {9F0B8BEC-CDE6-4A30-8D85-79D1EDC9B2A4}
		{133AD36C-7D62-4FC6-A671-F8101DFD1B5A} = {DE824100-DC36-4F2B-8092-317C669C260C}
		{17000132-094F-4611-864D-39006D8CDB92} = {DE824100-DC36-4F2B-8092-317C669C260C}
		{0610CD8B-6DD3-40E2-BE28-79CFED0B36B8} = {17000132-094F-4611-864D-39006D8CDB92}
		{F14B695C-2F77-43D1-A229-38157D9F938B} = {133AD36C-7D62-4FC6-A671-F8101DFD1B5A}
		{AF9C5622-5127-4DAD-AB1B-8030428FC47A} = {133AD36C-7D62-4FC6-A671-F8101DFD1B5A}
		{3E9CF724-C54A-4EBC-BFBC-48D10EEAC576} = {133AD36C-7D62-4FC6-A671-F8101DFD1B5A}
		{EA10333B-5D07-4E66-8971-B8E2ABDB9D10} = {133AD36C-7D62-4FC6-A671-F8101DFD1B5A}
		{30E7B89F-5B5B-4C27-841D-30A894B83D10} = {133AD36C-7D62-4FC6-A671-F8101DFD1B5A}
		{80A069C0-AA86-4A4A-97E1-FC8EB314C742} = {133AD36C-7D62-4FC6-A671-F8101DFD1B5A}
		{8D51C3B9-AE6C-438E-872C-5F1A4DDF7194} = {A0DA4A28-DE2A-4F1C-9F8F-C0336E2EE70D}
		{27B05926-6955-41E3-A6E7-E1B977F22F42} = {A0DA4A28-DE2A-4F1C-9F8F-C0336E2EE70D}
		{B890EA13-8E75-4F0B-AB9B-0EECEA3F8DB8} = {98E16CCC-77CD-4705-8FC1-0F182515EEB0}
		{F513FBFC-431A-4196-B724-7AE0BC63F9E7} = {42612780-DF2B-4B27-A1A3-6FB90BBF3C43}
		{20F66BAD-35E5-40CE-B9C7-5E3C97FF4ED6} = {42612780-DF2B-4B27-A1A3-6FB90BBF3C43}
		{DF2F5140-B972-47C3-986C-AC62AA661457} = {7424A0CF-38AE-4295-AE4D-A5A9B1044A37}
		{C6A30441-E724-4E70-BD94-6F9FC104E5FA} = {32DE210B-D9AA-4790-B454-DE993C61CE53}
		{B66EF79D-D785-4D3B-B1D4-54250B79D31E} = {D3E020E3-533B-4E69-BC1C-290FE14E7AA1}
		{DD2584BB-E450-4F1E-910F-A835354CA21D} = {380127A6-E045-4C36-B5DC-C0DDD6E4AB44}
		{7910026F-C7B1-40B9-8FBC-02B91F73F554} = {6121A2AA-B395-4695-B209-8B1E8EAC2F83}
		{368B81D2-EBF7-4CB5-9A4B-EB93EFA3ECD2} = {9A0D3363-93C8-4B93-806D-45180B3EDF3A}
		{3EC96A44-B01C-4800-A806-99808274C0B6} = {9A0D3363-93C8-4B93-806D-45180B3EDF3A}
		{6831224A-D59F-4435-9AD9-FD7B34198C04} = {BC275105-AB19-4A2A-996F-87D2995566D0}
		{7ADC6E02-FB3F-4D8B-99D8-2992B4ABBBAA} = {1A482526-7E29-4D16-9E1A-743770227F00}
		{9C052CE2-DA71-4073-BC37-7322EA3D046D} = {1A482526-7E29-4D16-9E1A-743770227F00}
	EndGlobalSection
	GlobalSection(ExtensibilityGlobals) = postSolution
		SolutionGuid = {41FDCFC5-66DA-415D-AA6C-38806CB952CD}
	EndGlobalSection
EndGlobal
