
Microsoft Visual Studio Solution File, Format Version 12.00
Project("{FAE04EC0-301F-11D3-BF4B-00C04F79EFBC}") = "EInfrastructure.Core.ServiceDiscovery.Consul.AspNetCore", "src\EInfrastructure.Core.ServiceDiscovery.Consul.AspNetCore\EInfrastructure.Core.ServiceDiscovery.Consul.AspNetCore.csproj", "{203833B0-FA04-4B2F-9B0C-9DFB8DB4DAEE}"
EndProject
Project("{FAE04EC0-301F-11D3-BF4B-00C04F79EFBC}") = "EInfrastructure.Core.Configuration", "..\..\Infrastructure\src\EInfrastructure.Core.Configuration\EInfrastructure.Core.Configuration.csproj", "{8D1CD545-2360-46AA-A518-1793F40CA773}"
EndProject
Project("{FAE04EC0-301F-11D3-BF4B-00C04F79EFBC}") = "EInfrastructure.Core", "..\..\Infrastructure\src\EInfrastructure.Core\EInfrastructure.Core.csproj", "{C4FB1526-6557-47F9-8555-BF96D38E1924}"
EndProject
Project("{FAE04EC0-301F-11D3-BF4B-00C04F79EFBC}") = "EInfrastructure.Core.Validation", "..\..\Tools\Validation\src\EInfrastructure.Core.Validation\EInfrastructure.Core.Validation.csproj", "{F782FBA4-C872-4A81-AB97-4BE8171121B9}"
EndProject
Global
	GlobalSection(SolutionConfigurationPlatforms) = preSolution
		Debug|Any CPU = Debug|Any CPU
		Release|Any CPU = Release|Any CPU
	EndGlobalSection
	GlobalSection(ProjectConfigurationPlatforms) = postSolution
		{203833B0-FA04-4B2F-9B0C-9DFB8DB4DAEE}.Debug|Any CPU.ActiveCfg = Debug|Any CPU
		{203833B0-FA04-4B2F-9B0C-9DFB8DB4DAEE}.Debug|Any CPU.Build.0 = Debug|Any CPU
		{203833B0-FA04-4B2F-9B0C-9DFB8DB4DAEE}.Release|Any CPU.ActiveCfg = Release|Any CPU
		{203833B0-FA04-4B2F-9B0C-9DFB8DB4DAEE}.Release|Any CPU.Build.0 = Release|Any CPU
		{8D1CD545-2360-46AA-A518-1793F40CA773}.Debug|Any CPU.ActiveCfg = Debug|Any CPU
		{8D1CD545-2360-46AA-A518-1793F40CA773}.Debug|Any CPU.Build.0 = Debug|Any CPU
		{8D1CD545-2360-46AA-A518-1793F40CA773}.Release|Any CPU.ActiveCfg = Release|Any CPU
		{8D1CD545-2360-46AA-A518-1793F40CA773}.Release|Any CPU.Build.0 = Release|Any CPU
		{C4FB1526-6557-47F9-8555-BF96D38E1924}.Debug|Any CPU.ActiveCfg = Debug|Any CPU
		{C4FB1526-6557-47F9-8555-BF96D38E1924}.Debug|Any CPU.Build.0 = Debug|Any CPU
		{C4FB1526-6557-47F9-8555-BF96D38E1924}.Release|Any CPU.ActiveCfg = Release|Any CPU
		{C4FB1526-6557-47F9-8555-BF96D38E1924}.Release|Any CPU.Build.0 = Release|Any CPU
		{F782FBA4-C872-4A81-AB97-4BE8171121B9}.Debug|Any CPU.ActiveCfg = Debug|Any CPU
		{F782FBA4-C872-4A81-AB97-4BE8171121B9}.Debug|Any CPU.Build.0 = Debug|Any CPU
		{F782FBA4-C872-4A81-AB97-4BE8171121B9}.Release|Any CPU.ActiveCfg = Release|Any CPU
		{F782FBA4-C872-4A81-AB97-4BE8171121B9}.Release|Any CPU.Build.0 = Release|Any CPU
	EndGlobalSection
EndGlobal
