
Microsoft Visual Studio Solution File, Format Version 12.00
Project("{FAE04EC0-301F-11D3-BF4B-00C04F79EFBC}") = "EInfrastructure.Core.BaiDu.ContentIdentification", "src\EInfrastructure.Core.BaiDu.ContentIdentification\EInfrastructure.Core.BaiDu.ContentIdentification.csproj", "{9010E480-7465-49DD-8A6E-9B4E66D8F7DE}"
EndProject
Project("{FAE04EC0-301F-11D3-BF4B-00C04F79EFBC}") = "EInfrastructure.Core.Configuration", "..\..\Infrastructure\src\EInfrastructure.Core.Configuration\EInfrastructure.Core.Configuration.csproj", "{EF2DBA77-5637-4C7D-9AB8-BEC3713E6346}"
EndProject
Project("{FAE04EC0-301F-11D3-BF4B-00C04F79EFBC}") = "EInfrastructure.Core", "..\..\Infrastructure\src\EInfrastructure.Core\EInfrastructure.Core.csproj", "{73627365-355B-40C9-9B05-518834713769}"
EndProject
Global
	GlobalSection(SolutionConfigurationPlatforms) = preSolution
		Debug|Any CPU = Debug|Any CPU
		Release|Any CPU = Release|Any CPU
	EndGlobalSection
	GlobalSection(ProjectConfigurationPlatforms) = postSolution
		{9010E480-7465-49DD-8A6E-9B4E66D8F7DE}.Debug|Any CPU.ActiveCfg = Debug|Any CPU
		{9010E480-7465-49DD-8A6E-9B4E66D8F7DE}.Debug|Any CPU.Build.0 = Debug|Any CPU
		{9010E480-7465-49DD-8A6E-9B4E66D8F7DE}.Release|Any CPU.ActiveCfg = Release|Any CPU
		{9010E480-7465-49DD-8A6E-9B4E66D8F7DE}.Release|Any CPU.Build.0 = Release|Any CPU
		{EF2DBA77-5637-4C7D-9AB8-BEC3713E6346}.Debug|Any CPU.ActiveCfg = Debug|Any CPU
		{EF2DBA77-5637-4C7D-9AB8-BEC3713E6346}.Debug|Any CPU.Build.0 = Debug|Any CPU
		{EF2DBA77-5637-4C7D-9AB8-BEC3713E6346}.Release|Any CPU.ActiveCfg = Release|Any CPU
		{EF2DBA77-5637-4C7D-9AB8-BEC3713E6346}.Release|Any CPU.Build.0 = Release|Any CPU
		{73627365-355B-40C9-9B05-518834713769}.Debug|Any CPU.ActiveCfg = Debug|Any CPU
		{73627365-355B-40C9-9B05-518834713769}.Debug|Any CPU.Build.0 = Debug|Any CPU
		{73627365-355B-40C9-9B05-518834713769}.Release|Any CPU.ActiveCfg = Release|Any CPU
		{73627365-355B-40C9-9B05-518834713769}.Release|Any CPU.Build.0 = Release|Any CPU
	EndGlobalSection
EndGlobal
