
Microsoft Visual Studio Solution File, Format Version 12.00
Project("{FAE04EC0-301F-11D3-BF4B-00C04F79EFBC}") = "EInfrastructure.Core.AliYun.DaYu", "src\EInfrastructure.Core.AliYun.DaYu\EInfrastructure.Core.AliYun.DaYu.csproj", "{8F7C02D7-DED3-43C7-8E30-0A3B3FAD354D}"
EndProject
Project("{FAE04EC0-301F-11D3-BF4B-00C04F79EFBC}") = "EInfrastructure.Core.Validation", "..\..\Tools\Validation\src\EInfrastructure.Core.Validation\EInfrastructure.Core.Validation.csproj", "{BFDFECB0-F8A9-4AF7-A212-8272CFE03215}"
EndProject
Project("{FAE04EC0-301F-11D3-BF4B-00C04F79EFBC}") = "EInfrastructure.Core", "..\..\Infrastructure\src\EInfrastructure.Core\EInfrastructure.Core.csproj", "{38051919-6AE5-426D-A7E1-8D64BF1AB3D4}"
EndProject
Project("{FAE04EC0-301F-11D3-BF4B-00C04F79EFBC}") = "EInfrastructure.Core.Configuration", "..\..\Infrastructure\src\EInfrastructure.Core.Configuration\EInfrastructure.Core.Configuration.csproj", "{0634DC79-051B-4274-B7F1-48D2B4A84B2D}"
EndProject
Global
	GlobalSection(SolutionConfigurationPlatforms) = preSolution
		Debug|Any CPU = Debug|Any CPU
		Release|Any CPU = Release|Any CPU
	EndGlobalSection
	GlobalSection(ProjectConfigurationPlatforms) = postSolution
		{8F7C02D7-DED3-43C7-8E30-0A3B3FAD354D}.Debug|Any CPU.ActiveCfg = Debug|Any CPU
		{8F7C02D7-DED3-43C7-8E30-0A3B3FAD354D}.Debug|Any CPU.Build.0 = Debug|Any CPU
		{8F7C02D7-DED3-43C7-8E30-0A3B3FAD354D}.Release|Any CPU.ActiveCfg = Release|Any CPU
		{8F7C02D7-DED3-43C7-8E30-0A3B3FAD354D}.Release|Any CPU.Build.0 = Release|Any CPU
		{BFDFECB0-F8A9-4AF7-A212-8272CFE03215}.Debug|Any CPU.ActiveCfg = Debug|Any CPU
		{BFDFECB0-F8A9-4AF7-A212-8272CFE03215}.Debug|Any CPU.Build.0 = Debug|Any CPU
		{BFDFECB0-F8A9-4AF7-A212-8272CFE03215}.Release|Any CPU.ActiveCfg = Release|Any CPU
		{BFDFECB0-F8A9-4AF7-A212-8272CFE03215}.Release|Any CPU.Build.0 = Release|Any CPU
		{38051919-6AE5-426D-A7E1-8D64BF1AB3D4}.Debug|Any CPU.ActiveCfg = Debug|Any CPU
		{38051919-6AE5-426D-A7E1-8D64BF1AB3D4}.Debug|Any CPU.Build.0 = Debug|Any CPU
		{38051919-6AE5-426D-A7E1-8D64BF1AB3D4}.Release|Any CPU.ActiveCfg = Release|Any CPU
		{38051919-6AE5-426D-A7E1-8D64BF1AB3D4}.Release|Any CPU.Build.0 = Release|Any CPU
		{0634DC79-051B-4274-B7F1-48D2B4A84B2D}.Debug|Any CPU.ActiveCfg = Debug|Any CPU
		{0634DC79-051B-4274-B7F1-48D2B4A84B2D}.Debug|Any CPU.Build.0 = Debug|Any CPU
		{0634DC79-051B-4274-B7F1-48D2B4A84B2D}.Release|Any CPU.ActiveCfg = Release|Any CPU
		{0634DC79-051B-4274-B7F1-48D2B4A84B2D}.Release|Any CPU.Build.0 = Release|Any CPU
	EndGlobalSection
EndGlobal
