
Microsoft Visual Studio Solution File, Format Version 12.00
Project("{FAE04EC0-301F-11D3-BF4B-00C04F79EFBC}") = "EInfrastructure.Core.SqlServer", "src\EInfrastructure.Core.SqlServer\EInfrastructure.Core.SqlServer.csproj", "{64D91662-F26B-48D2-A195-D19F6A18F64D}"
EndProject
Project("{FAE04EC0-301F-11D3-BF4B-00C04F79EFBC}") = "EInfrastructure.Core", "..\..\Infrastructure\src\EInfrastructure.Core\EInfrastructure.Core.csproj", "{E3D620CB-65BC-4B3C-BD91-20DC1BDE00C3}"
EndProject
Project("{FAE04EC0-301F-11D3-BF4B-00C04F79EFBC}") = "EInfrastructure.Core.Configuration", "..\..\Infrastructure\src\EInfrastructure.Core.Configuration\EInfrastructure.Core.Configuration.csproj", "{7A1F1BFC-B2B3-4CC2-A9E5-3E79106A7DD9}"
EndProject
Global
	GlobalSection(SolutionConfigurationPlatforms) = preSolution
		Debug|Any CPU = Debug|Any CPU
		Release|Any CPU = Release|Any CPU
	EndGlobalSection
	GlobalSection(ProjectConfigurationPlatforms) = postSolution
		{64D91662-F26B-48D2-A195-D19F6A18F64D}.Debug|Any CPU.ActiveCfg = Debug|Any CPU
		{64D91662-F26B-48D2-A195-D19F6A18F64D}.Debug|Any CPU.Build.0 = Debug|Any CPU
		{64D91662-F26B-48D2-A195-D19F6A18F64D}.Release|Any CPU.ActiveCfg = Release|Any CPU
		{64D91662-F26B-48D2-A195-D19F6A18F64D}.Release|Any CPU.Build.0 = Release|Any CPU
		{E3D620CB-65BC-4B3C-BD91-20DC1BDE00C3}.Debug|Any CPU.ActiveCfg = Debug|Any CPU
		{E3D620CB-65BC-4B3C-BD91-20DC1BDE00C3}.Debug|Any CPU.Build.0 = Debug|Any CPU
		{E3D620CB-65BC-4B3C-BD91-20DC1BDE00C3}.Release|Any CPU.ActiveCfg = Release|Any CPU
		{E3D620CB-65BC-4B3C-BD91-20DC1BDE00C3}.Release|Any CPU.Build.0 = Release|Any CPU
		{7A1F1BFC-B2B3-4CC2-A9E5-3E79106A7DD9}.Debug|Any CPU.ActiveCfg = Debug|Any CPU
		{7A1F1BFC-B2B3-4CC2-A9E5-3E79106A7DD9}.Debug|Any CPU.Build.0 = Debug|Any CPU
		{7A1F1BFC-B2B3-4CC2-A9E5-3E79106A7DD9}.Release|Any CPU.ActiveCfg = Release|Any CPU
		{7A1F1BFC-B2B3-4CC2-A9E5-3E79106A7DD9}.Release|Any CPU.Build.0 = Release|Any CPU
	EndGlobalSection
EndGlobal
