
Microsoft Visual Studio Solution File, Format Version 12.00
Project("{FAE04EC0-301F-11D3-BF4B-00C04F79EFBC}") = "EInfrastructure.Core.UCloud.Storage", "src\EInfrastructure.Core.UCloud.Storage\EInfrastructure.Core.UCloud.Storage.csproj", "{CAE0C63E-4208-4D5C-826B-056B66E4EE89}"
EndProject
Project("{FAE04EC0-301F-11D3-BF4B-00C04F79EFBC}") = "EInfrastructure.Core", "..\..\Infrastructure\src\EInfrastructure.Core\EInfrastructure.Core.csproj", "{6C1CA717-15FD-4F46-BE1E-45AB21D3D744}"
EndProject
Project("{FAE04EC0-301F-11D3-BF4B-00C04F79EFBC}") = "EInfrastructure.Core.Configuration", "..\..\Infrastructure\src\EInfrastructure.Core.Configuration\EInfrastructure.Core.Configuration.csproj", "{65E6638F-BB40-454C-9CFA-76CD518588A1}"
EndProject
Project("{FAE04EC0-301F-11D3-BF4B-00C04F79EFBC}") = "EInfrastructure.Core.Validation", "..\..\Tools\Validation\src\EInfrastructure.Core.Validation\EInfrastructure.Core.Validation.csproj", "{DDBC560F-1A85-4EBE-907C-981F39EE6208}"
EndProject
Global
	GlobalSection(SolutionConfigurationPlatforms) = preSolution
		Debug|Any CPU = Debug|Any CPU
		Release|Any CPU = Release|Any CPU
	EndGlobalSection
	GlobalSection(ProjectConfigurationPlatforms) = postSolution
		{CAE0C63E-4208-4D5C-826B-056B66E4EE89}.Debug|Any CPU.ActiveCfg = Debug|Any CPU
		{CAE0C63E-4208-4D5C-826B-056B66E4EE89}.Debug|Any CPU.Build.0 = Debug|Any CPU
		{CAE0C63E-4208-4D5C-826B-056B66E4EE89}.Release|Any CPU.ActiveCfg = Release|Any CPU
		{CAE0C63E-4208-4D5C-826B-056B66E4EE89}.Release|Any CPU.Build.0 = Release|Any CPU
		{6C1CA717-15FD-4F46-BE1E-45AB21D3D744}.Debug|Any CPU.ActiveCfg = Debug|Any CPU
		{6C1CA717-15FD-4F46-BE1E-45AB21D3D744}.Debug|Any CPU.Build.0 = Debug|Any CPU
		{6C1CA717-15FD-4F46-BE1E-45AB21D3D744}.Release|Any CPU.ActiveCfg = Release|Any CPU
		{6C1CA717-15FD-4F46-BE1E-45AB21D3D744}.Release|Any CPU.Build.0 = Release|Any CPU
		{65E6638F-BB40-454C-9CFA-76CD518588A1}.Debug|Any CPU.ActiveCfg = Debug|Any CPU
		{65E6638F-BB40-454C-9CFA-76CD518588A1}.Debug|Any CPU.Build.0 = Debug|Any CPU
		{65E6638F-BB40-454C-9CFA-76CD518588A1}.Release|Any CPU.ActiveCfg = Release|Any CPU
		{65E6638F-BB40-454C-9CFA-76CD518588A1}.Release|Any CPU.Build.0 = Release|Any CPU
		{DDBC560F-1A85-4EBE-907C-981F39EE6208}.Debug|Any CPU.ActiveCfg = Debug|Any CPU
		{DDBC560F-1A85-4EBE-907C-981F39EE6208}.Debug|Any CPU.Build.0 = Debug|Any CPU
		{DDBC560F-1A85-4EBE-907C-981F39EE6208}.Release|Any CPU.ActiveCfg = Release|Any CPU
		{DDBC560F-1A85-4EBE-907C-981F39EE6208}.Release|Any CPU.Build.0 = Release|Any CPU
	EndGlobalSection
EndGlobal
