
Microsoft Visual Studio Solution File, Format Version 12.00
Project("{FAE04EC0-301F-11D3-BF4B-00C04F79EFBC}") = "EInfrastructure.Core.Configuration", "..\..\Infrastructure\src\EInfrastructure.Core.Configuration\EInfrastructure.Core.Configuration.csproj", "{6F94EEB4-2761-4B8A-B192-7325AC60ACF3}"
EndProject
Project("{FAE04EC0-301F-11D3-BF4B-00C04F79EFBC}") = "EInfrastructure.Core", "..\..\Infrastructure\src\EInfrastructure.Core\EInfrastructure.Core.csproj", "{6E0F1514-AF36-42C2-8E70-44F638027BEE}"
EndProject
Project("{FAE04EC0-301F-11D3-BF4B-00C04F79EFBC}") = "EInfrastructure.Core.AutoFac", "src\EInfrastructure.Core.AutoFac\EInfrastructure.Core.AutoFac.csproj", "{7491B019-96A1-4730-AF8E-99B527374336}"
EndProject
Global
	GlobalSection(SolutionConfigurationPlatforms) = preSolution
		Debug|Any CPU = Debug|Any CPU
		Release|Any CPU = Release|Any CPU
	EndGlobalSection
	GlobalSection(ProjectConfigurationPlatforms) = postSolution
		{6F94EEB4-2761-4B8A-B192-7325AC60ACF3}.Debug|Any CPU.ActiveCfg = Debug|Any CPU
		{6F94EEB4-2761-4B8A-B192-7325AC60ACF3}.Debug|Any CPU.Build.0 = Debug|Any CPU
		{6F94EEB4-2761-4B8A-B192-7325AC60ACF3}.Release|Any CPU.ActiveCfg = Release|Any CPU
		{6F94EEB4-2761-4B8A-B192-7325AC60ACF3}.Release|Any CPU.Build.0 = Release|Any CPU
		{6E0F1514-AF36-42C2-8E70-44F638027BEE}.Debug|Any CPU.ActiveCfg = Debug|Any CPU
		{6E0F1514-AF36-42C2-8E70-44F638027BEE}.Debug|Any CPU.Build.0 = Debug|Any CPU
		{6E0F1514-AF36-42C2-8E70-44F638027BEE}.Release|Any CPU.ActiveCfg = Release|Any CPU
		{6E0F1514-AF36-42C2-8E70-44F638027BEE}.Release|Any CPU.Build.0 = Release|Any CPU
		{7491B019-96A1-4730-AF8E-99B527374336}.Debug|Any CPU.ActiveCfg = Debug|Any CPU
		{7491B019-96A1-4730-AF8E-99B527374336}.Debug|Any CPU.Build.0 = Debug|Any CPU
		{7491B019-96A1-4730-AF8E-99B527374336}.Release|Any CPU.ActiveCfg = Release|Any CPU
		{7491B019-96A1-4730-AF8E-99B527374336}.Release|Any CPU.Build.0 = Release|Any CPU
	EndGlobalSection
EndGlobal
