
Microsoft Visual Studio Solution File, Format Version 12.00
Project("{FAE04EC0-301F-11D3-BF4B-00C04F79EFBC}") = "EInfrastructure.Core.AspNetCore", "src\EInfrastructure.Core.AspNetCore\EInfrastructure.Core.AspNetCore.csproj", "{46BCBAA9-82C8-4A3A-AC77-3AC3A1BEB231}"
EndProject
Project("{FAE04EC0-301F-11D3-BF4B-00C04F79EFBC}") = "EInfrastructure.Core.Configuration", "..\..\Infrastructure\src\EInfrastructure.Core.Configuration\EInfrastructure.Core.Configuration.csproj", "{D4F67CB0-0498-4D71-82AA-E5EDEE52196C}"
EndProject
Project("{FAE04EC0-301F-11D3-BF4B-00C04F79EFBC}") = "EInfrastructure.Core", "..\..\Infrastructure\src\EInfrastructure.Core\EInfrastructure.Core.csproj", "{3BF739B1-0BD7-4A32-BE73-6E9C0A589BC7}"
EndProject
Global
	GlobalSection(SolutionConfigurationPlatforms) = preSolution
		Debug|Any CPU = Debug|Any CPU
		Release|Any CPU = Release|Any CPU
	EndGlobalSection
	GlobalSection(ProjectConfigurationPlatforms) = postSolution
		{46BCBAA9-82C8-4A3A-AC77-3AC3A1BEB231}.Debug|Any CPU.ActiveCfg = Debug|Any CPU
		{46BCBAA9-82C8-4A3A-AC77-3AC3A1BEB231}.Debug|Any CPU.Build.0 = Debug|Any CPU
		{46BCBAA9-82C8-4A3A-AC77-3AC3A1BEB231}.Release|Any CPU.ActiveCfg = Release|Any CPU
		{46BCBAA9-82C8-4A3A-AC77-3AC3A1BEB231}.Release|Any CPU.Build.0 = Release|Any CPU
		{D4F67CB0-0498-4D71-82AA-E5EDEE52196C}.Debug|Any CPU.ActiveCfg = Debug|Any CPU
		{D4F67CB0-0498-4D71-82AA-E5EDEE52196C}.Debug|Any CPU.Build.0 = Debug|Any CPU
		{D4F67CB0-0498-4D71-82AA-E5EDEE52196C}.Release|Any CPU.ActiveCfg = Release|Any CPU
		{D4F67CB0-0498-4D71-82AA-E5EDEE52196C}.Release|Any CPU.Build.0 = Release|Any CPU
		{3BF739B1-0BD7-4A32-BE73-6E9C0A589BC7}.Debug|Any CPU.ActiveCfg = Debug|Any CPU
		{3BF739B1-0BD7-4A32-BE73-6E9C0A589BC7}.Debug|Any CPU.Build.0 = Debug|Any CPU
		{3BF739B1-0BD7-4A32-BE73-6E9C0A589BC7}.Release|Any CPU.ActiveCfg = Release|Any CPU
		{3BF739B1-0BD7-4A32-BE73-6E9C0A589BC7}.Release|Any CPU.Build.0 = Release|Any CPU
	EndGlobalSection
EndGlobal
